// !$*UTF8*$!
{
	archiveVersion = 1;
	classes = {
	};
	objectVersion = 48;
	objects = {

/* Begin PBXBuildFile section */
		1470042D11BC0D3A5CC8C888 /* Pods_DietShare.framework in Frameworks */ = {isa = PBXBuildFile; fileRef = 2BBF21CF870EC877547CFA6A /* Pods_DietShare.framework */; };
		3B0834DE208255ED009A45E3 /* TopicTableCell.swift in Sources */ = {isa = PBXBuildFile; fileRef = 3B0834DD208255ED009A45E3 /* TopicTableCell.swift */; };
		3B0834E2208274BC009A45E3 /* FloatingTextInputController.swift in Sources */ = {isa = PBXBuildFile; fileRef = 3B0834E1208274BC009A45E3 /* FloatingTextInputController.swift */; };
		3B0834E4208274D0009A45E3 /* PublisherController.swift in Sources */ = {isa = PBXBuildFile; fileRef = 3B0834E3208274CF009A45E3 /* PublisherController.swift */; };
		3B0834E6208274DA009A45E3 /* PublishManager.swift in Sources */ = {isa = PBXBuildFile; fileRef = 3B0834E5208274DA009A45E3 /* PublishManager.swift */; };
		3B0834E8208274E3009A45E3 /* RestaurantListController.swift in Sources */ = {isa = PBXBuildFile; fileRef = 3B0834E7208274E3009A45E3 /* RestaurantListController.swift */; };
		3B0834EA208274ED009A45E3 /* TopicListController.swift in Sources */ = {isa = PBXBuildFile; fileRef = 3B0834E9208274ED009A45E3 /* TopicListController.swift */; };
		3B0834EC20827535009A45E3 /* FloatingTextInfo.swift in Sources */ = {isa = PBXBuildFile; fileRef = 3B0834EB20827535009A45E3 /* FloatingTextInfo.swift */; };
		3B0834EE2082755F009A45E3 /* NutritionSticker.swift in Sources */ = {isa = PBXBuildFile; fileRef = 3B0834ED2082755F009A45E3 /* NutritionSticker.swift */; };
		3B0834F020827568009A45E3 /* PublishRestaurantCell.swift in Sources */ = {isa = PBXBuildFile; fileRef = 3B0834EF20827568009A45E3 /* PublishRestaurantCell.swift */; };
		3B0834F22082756E009A45E3 /* PublishTopicCell.swift in Sources */ = {isa = PBXBuildFile; fileRef = 3B0834F12082756E009A45E3 /* PublishTopicCell.swift */; };
		3B0834F420827B9B009A45E3 /* UserListController.swift in Sources */ = {isa = PBXBuildFile; fileRef = 3B0834F320827B9B009A45E3 /* UserListController.swift */; };
		3B18BEE02074C5A200809D3A /* PostDetailController.swift in Sources */ = {isa = PBXBuildFile; fileRef = 3B18BEDF2074C5A200809D3A /* PostDetailController.swift */; };
		3B18BEE62074D97C00809D3A /* PostCellDelegate.swift in Sources */ = {isa = PBXBuildFile; fileRef = 3B18BEE52074D97C00809D3A /* PostCellDelegate.swift */; };
		3B37A717207F782E009ED0D3 /* Profile.xib in Resources */ = {isa = PBXBuildFile; fileRef = 3B37A716207F782E009ED0D3 /* Profile.xib */; };
		3B37A71C207F7F29009ED0D3 /* ProfileTabController.swift in Sources */ = {isa = PBXBuildFile; fileRef = 3B37A71B207F7F29009ED0D3 /* ProfileTabController.swift */; };
		3B37A724207F8083009ED0D3 /* ProfileController.swift in Sources */ = {isa = PBXBuildFile; fileRef = 3B37A723207F8083009ED0D3 /* ProfileController.swift */; };
		3B37A72A207F975C009ED0D3 /* ScrollDelegate.swift in Sources */ = {isa = PBXBuildFile; fileRef = 3B37A729207F975C009ED0D3 /* ScrollDelegate.swift */; };
		3B40BB2620837D4E00323B7D /* MentionedController.swift in Sources */ = {isa = PBXBuildFile; fileRef = 3B40BB2520837D4E00323B7D /* MentionedController.swift */; };
		3B40BB282083803600323B7D /* MentionedCell.swift in Sources */ = {isa = PBXBuildFile; fileRef = 3B40BB272083803600323B7D /* MentionedCell.swift */; };
		3B424B3A20809F0C00AB90BE /* Assets.xcassets in Resources */ = {isa = PBXBuildFile; fileRef = 3B424B3920809F0900AB90BE /* Assets.xcassets */; };
		3B424B3C2080EF5E00AB90BE /* Profile.storyboard in Resources */ = {isa = PBXBuildFile; fileRef = 3B424B3B2080EF5E00AB90BE /* Profile.storyboard */; };
		3B424B3E2080FBAE00AB90BE /* ProfileEditor.swift in Sources */ = {isa = PBXBuildFile; fileRef = 3B424B3D2080FBAE00AB90BE /* ProfileEditor.swift */; };
		3B424B402081038300AB90BE /* EditCell.swift in Sources */ = {isa = PBXBuildFile; fileRef = 3B424B3F2081038300AB90BE /* EditCell.swift */; };
		3B424B4220810B0F00AB90BE /* EditFieldController.swift in Sources */ = {isa = PBXBuildFile; fileRef = 3B424B4120810B0F00AB90BE /* EditFieldController.swift */; };
		3BDA29C7207FC20A00E99DE3 /* CollageLayout.swift in Sources */ = {isa = PBXBuildFile; fileRef = 3BDA29C0207FC20A00E99DE3 /* CollageLayout.swift */; };
		3BDA29C8207FC20A00E99DE3 /* Food.swift in Sources */ = {isa = PBXBuildFile; fileRef = 3BDA29C1207FC20A00E99DE3 /* Food.swift */; };
		3BDA29C9207FC20A00E99DE3 /* Ingredient.swift in Sources */ = {isa = PBXBuildFile; fileRef = 3BDA29C2207FC20A00E99DE3 /* Ingredient.swift */; };
		3BDA29CA207FC20A00E99DE3 /* ShareState.swift in Sources */ = {isa = PBXBuildFile; fileRef = 3BDA29C3207FC20A00E99DE3 /* ShareState.swift */; };
		3BDA29CB207FC20A00E99DE3 /* StickerLayout.swift in Sources */ = {isa = PBXBuildFile; fileRef = 3BDA29C4207FC20A00E99DE3 /* StickerLayout.swift */; };
		3BDA29CC207FC20A00E99DE3 /* StoredLayout.swift in Sources */ = {isa = PBXBuildFile; fileRef = 3BDA29C5207FC20A00E99DE3 /* StoredLayout.swift */; };
		3BDA29CD207FC20A00E99DE3 /* StoredSticker.swift in Sources */ = {isa = PBXBuildFile; fileRef = 3BDA29C6207FC20A00E99DE3 /* StoredSticker.swift */; };
		3BDA29D8207FC24A00E99DE3 /* CameraHandler.swift in Sources */ = {isa = PBXBuildFile; fileRef = 3BDA29CF207FC24A00E99DE3 /* CameraHandler.swift */; };
		3BDA29D9207FC24A00E99DE3 /* FloatingContentAdderController.swift in Sources */ = {isa = PBXBuildFile; fileRef = 3BDA29D0207FC24A00E99DE3 /* FloatingContentAdderController.swift */; };
		3BDA29DA207FC24A00E99DE3 /* FoodAdderController.swift in Sources */ = {isa = PBXBuildFile; fileRef = 3BDA29D1207FC24A00E99DE3 /* FoodAdderController.swift */; };
		3BDA29DB207FC24A00E99DE3 /* FoodSelectController.swift in Sources */ = {isa = PBXBuildFile; fileRef = 3BDA29D2207FC24A00E99DE3 /* FoodSelectController.swift */; };
		3BDA29DC207FC24A00E99DE3 /* IngredientPopupController.swift in Sources */ = {isa = PBXBuildFile; fileRef = 3BDA29D3207FC24A00E99DE3 /* IngredientPopupController.swift */; };
		3BDA29DD207FC24A00E99DE3 /* LayoutPhotoSelectorController.swift in Sources */ = {isa = PBXBuildFile; fileRef = 3BDA29D4207FC24A00E99DE3 /* LayoutPhotoSelectorController.swift */; };
		3BDA29DE207FC24A00E99DE3 /* PhotoModifierController.swift in Sources */ = {isa = PBXBuildFile; fileRef = 3BDA29D5207FC24A00E99DE3 /* PhotoModifierController.swift */; };
		3BDA29DF207FC24A00E99DE3 /* PhotoUploaderViewController.swift in Sources */ = {isa = PBXBuildFile; fileRef = 3BDA29D6207FC24A00E99DE3 /* PhotoUploaderViewController.swift */; };
		3BDA29E0207FC24A00E99DE3 /* ShareTabController.swift in Sources */ = {isa = PBXBuildFile; fileRef = 3BDA29D7207FC24A00E99DE3 /* ShareTabController.swift */; };
		3BDA29E2207FC28600E99DE3 /* UsersDataSource.swift in Sources */ = {isa = PBXBuildFile; fileRef = 3BDA29E1207FC28600E99DE3 /* UsersDataSource.swift */; };
		3BDA29E4207FC28C00E99DE3 /* UsersLocalDataSource.swift in Sources */ = {isa = PBXBuildFile; fileRef = 3BDA29E3207FC28C00E99DE3 /* UsersLocalDataSource.swift */; };
		3BDA29E6207FC2B200E99DE3 /* StringList.swift in Sources */ = {isa = PBXBuildFile; fileRef = 3BDA29E5207FC2B200E99DE3 /* StringList.swift */; };
		3BDA29F8207FC2CD00E99DE3 /* FloatingTextInputPopup.xib in Resources */ = {isa = PBXBuildFile; fileRef = 3BDA29E9207FC2CD00E99DE3 /* FloatingTextInputPopup.xib */; };
		3BDA29F9207FC2CD00E99DE3 /* FoodCell.swift in Sources */ = {isa = PBXBuildFile; fileRef = 3BDA29EA207FC2CD00E99DE3 /* FoodCell.swift */; };
		3BDA29FA207FC2CD00E99DE3 /* IngredientCell.swift in Sources */ = {isa = PBXBuildFile; fileRef = 3BDA29EB207FC2CD00E99DE3 /* IngredientCell.swift */; };
		3BDA29FB207FC2CD00E99DE3 /* IngredientDropDownCell.swift in Sources */ = {isa = PBXBuildFile; fileRef = 3BDA29EC207FC2CD00E99DE3 /* IngredientDropDownCell.swift */; };
		3BDA29FC207FC2CD00E99DE3 /* IngredientDropDownCell.xib in Resources */ = {isa = PBXBuildFile; fileRef = 3BDA29ED207FC2CD00E99DE3 /* IngredientDropDownCell.xib */; };
		3BDA29FE207FC2CD00E99DE3 /* LayoutPhotoPreviewCell.swift in Sources */ = {isa = PBXBuildFile; fileRef = 3BDA29EF207FC2CD00E99DE3 /* LayoutPhotoPreviewCell.swift */; };
		3BDA29FF207FC2CD00E99DE3 /* LayoutPhotoSelectorCell.swift in Sources */ = {isa = PBXBuildFile; fileRef = 3BDA29F0207FC2CD00E99DE3 /* LayoutPhotoSelectorCell.swift */; };
		3BDA2A00207FC2CD00E99DE3 /* LayoutPhotoSelectorUIDelegate.swift in Sources */ = {isa = PBXBuildFile; fileRef = 3BDA29F1207FC2CD00E99DE3 /* LayoutPhotoSelectorUIDelegate.swift */; };
		3BDA2A01207FC2CD00E99DE3 /* NutritionSticker.xib in Resources */ = {isa = PBXBuildFile; fileRef = 3BDA29F2207FC2CD00E99DE3 /* NutritionSticker.xib */; };
		3BDA2A02207FC2CD00E99DE3 /* PhotoOptionCell.swift in Sources */ = {isa = PBXBuildFile; fileRef = 3BDA29F3207FC2CD00E99DE3 /* PhotoOptionCell.swift */; };
		3BDA2A03207FC2CD00E99DE3 /* TextColorCell.swift in Sources */ = {isa = PBXBuildFile; fileRef = 3BDA29F4207FC2CD00E99DE3 /* TextColorCell.swift */; };
		3BDA2A04207FC2CD00E99DE3 /* TextColorCell.xib in Resources */ = {isa = PBXBuildFile; fileRef = 3BDA29F5207FC2CD00E99DE3 /* TextColorCell.xib */; };
		3BDA2A05207FC2CD00E99DE3 /* TextPreviewCell.swift in Sources */ = {isa = PBXBuildFile; fileRef = 3BDA29F6207FC2CD00E99DE3 /* TextPreviewCell.swift */; };
		3BDA2A20207FCB2700E99DE3 /* UserModelManager.swift in Sources */ = {isa = PBXBuildFile; fileRef = 3BDA2A1F207FCB2700E99DE3 /* UserModelManager.swift */; };
		3BDA2A2E207FCBD500E99DE3 /* CommentCell.swift in Sources */ = {isa = PBXBuildFile; fileRef = 3BDA2A22207FCBD500E99DE3 /* CommentCell.swift */; };
		3BDA2A2F207FCBD500E99DE3 /* CommentCell.xib in Resources */ = {isa = PBXBuildFile; fileRef = 3BDA2A23207FCBD500E99DE3 /* CommentCell.xib */; };
		3BDA2A30207FCBD500E99DE3 /* UserCell.swift in Sources */ = {isa = PBXBuildFile; fileRef = 3BDA2A24207FCBD500E99DE3 /* UserCell.swift */; };
		3BDA2A31207FCBD500E99DE3 /* UserCell.xib in Resources */ = {isa = PBXBuildFile; fileRef = 3BDA2A25207FCBD500E99DE3 /* UserCell.xib */; };
		3BDA2A32207FCBD500E99DE3 /* PostCell.swift in Sources */ = {isa = PBXBuildFile; fileRef = 3BDA2A26207FCBD500E99DE3 /* PostCell.swift */; };
		3BDA2A33207FCBD500E99DE3 /* PostCell.xib in Resources */ = {isa = PBXBuildFile; fileRef = 3BDA2A27207FCBD500E99DE3 /* PostCell.xib */; };
		3BDA2A34207FCBD500E99DE3 /* PostDetail.xib in Resources */ = {isa = PBXBuildFile; fileRef = 3BDA2A28207FCBD500E99DE3 /* PostDetail.xib */; };
		3BDA2A35207FCBD500E99DE3 /* PostsTable.xib in Resources */ = {isa = PBXBuildFile; fileRef = 3BDA2A29207FCBD500E99DE3 /* PostsTable.xib */; };
		3BDA2A36207FCBD500E99DE3 /* TextField.xib in Resources */ = {isa = PBXBuildFile; fileRef = 3BDA2A2A207FCBD500E99DE3 /* TextField.xib */; };
		3BDA2A37207FCBD500E99DE3 /* TextFieldController.swift in Sources */ = {isa = PBXBuildFile; fileRef = 3BDA2A2B207FCBD500E99DE3 /* TextFieldController.swift */; };
		3BDA2A38207FCBD500E99DE3 /* TopicCell.swift in Sources */ = {isa = PBXBuildFile; fileRef = 3BDA2A2C207FCBD500E99DE3 /* TopicCell.swift */; };
		3BDA2A39207FCBD500E99DE3 /* TopicCell.xib in Resources */ = {isa = PBXBuildFile; fileRef = 3BDA2A2D207FCBD500E99DE3 /* TopicCell.xib */; };
		3BFE06B0207E475E003F67F7 /* CommentDelegate.swift in Sources */ = {isa = PBXBuildFile; fileRef = 3BFE06AF207E475E003F67F7 /* CommentDelegate.swift */; };
		6AFF2F5E2084A60F0018DD84 /* RawIngredient.swift in Sources */ = {isa = PBXBuildFile; fileRef = 6AFF2F5D2084A60E0018DD84 /* RawIngredient.swift */; };
		B504C2A3206BB6B9007F8956 /* TopicViewController.swift in Sources */ = {isa = PBXBuildFile; fileRef = B504C2A2206BB6B9007F8956 /* TopicViewController.swift */; };
		B504C2A6206BBB08007F8956 /* TopicsDataSource.swift in Sources */ = {isa = PBXBuildFile; fileRef = B504C2A5206BBB08007F8956 /* TopicsDataSource.swift */; };
		B504C2A8206BBCD3007F8956 /* TopicsLocalDataSource.swift in Sources */ = {isa = PBXBuildFile; fileRef = B504C2A7206BBCD3007F8956 /* TopicsLocalDataSource.swift */; };
		B504C2CD206D0EF6007F8956 /* RestaurantsModelManager.swift in Sources */ = {isa = PBXBuildFile; fileRef = B504C2CC206D0EF5007F8956 /* RestaurantsModelManager.swift */; };
		B504C2CF206D1234007F8956 /* RestaurantsDataSource.swift in Sources */ = {isa = PBXBuildFile; fileRef = B504C2CE206D1234007F8956 /* RestaurantsDataSource.swift */; };
		B504C2D1206D133E007F8956 /* RestaurantLocalDataSource.swift in Sources */ = {isa = PBXBuildFile; fileRef = B504C2D0206D133E007F8956 /* RestaurantLocalDataSource.swift */; };
		B504C2D3206D1BB5007F8956 /* Rating.swift in Sources */ = {isa = PBXBuildFile; fileRef = B504C2D2206D1BB5007F8956 /* Rating.swift */; };
		B525A13A208261D7003AF5D0 /* RatingList.swift in Sources */ = {isa = PBXBuildFile; fileRef = B525A139208261D7003AF5D0 /* RatingList.swift */; };
		B5281105207BC5FA00CFAB18 /* TopicsLocalDataSourceTest.swift in Sources */ = {isa = PBXBuildFile; fileRef = B5281104207BC5FA00CFAB18 /* TopicsLocalDataSourceTest.swift */; };
		B5388AAD207495700062E6E9 /* RestaurantListViewController.swift in Sources */ = {isa = PBXBuildFile; fileRef = B5388AAC207495700062E6E9 /* RestaurantListViewController.swift */; };
		B5388AB5207495B40062E6E9 /* RestaurantViewController.swift in Sources */ = {isa = PBXBuildFile; fileRef = B5388AB4207495B40062E6E9 /* RestaurantViewController.swift */; };
		B5388AB7207496030062E6E9 /* RestaurantFullListCell.swift in Sources */ = {isa = PBXBuildFile; fileRef = B5388AB6207496030062E6E9 /* RestaurantFullListCell.swift */; };
		B5488AEC207325EF00F0E3E8 /* TopicTest.swift in Sources */ = {isa = PBXBuildFile; fileRef = B5488AEB207325EF00F0E3E8 /* TopicTest.swift */; };
		B5488AEE2073AFA900F0E3E8 /* RestaurantShortListCell.swift in Sources */ = {isa = PBXBuildFile; fileRef = B5488AED2073AFA800F0E3E8 /* RestaurantShortListCell.swift */; };
		B5671A2320828477007DBF20 /* CuisineTypeCell.swift in Sources */ = {isa = PBXBuildFile; fileRef = B5671A2220828477007DBF20 /* CuisineTypeCell.swift */; };
		B5671A252082857A007DBF20 /* CuisineTypeCell.xib in Resources */ = {isa = PBXBuildFile; fileRef = B5671A242082857A007DBF20 /* CuisineTypeCell.xib */; };
		B5671A2820829479007DBF20 /* IngredientPopup.xib in Resources */ = {isa = PBXBuildFile; fileRef = 3BDA29EE207FC2CD00E99DE3 /* IngredientPopup.xib */; };
		B5A01CE3207D0C8C00B26CC2 /* RestaurantsLocalDataSourceTest.swift in Sources */ = {isa = PBXBuildFile; fileRef = B5A01CE2207D0C8C00B26CC2 /* RestaurantsLocalDataSourceTest.swift */; };
		B5CBA10F2069226600BC8005 /* Restaurant.swift in Sources */ = {isa = PBXBuildFile; fileRef = B5CBA10E2069226600BC8005 /* Restaurant.swift */; };
		B5CBA1112069227E00BC8005 /* ReadOnlyRestaurant.swift in Sources */ = {isa = PBXBuildFile; fileRef = B5CBA1102069227E00BC8005 /* ReadOnlyRestaurant.swift */; };
		B5CBA1132069411C00BC8005 /* Discovery.storyboard in Resources */ = {isa = PBXBuildFile; fileRef = B5CBA1122069411C00BC8005 /* Discovery.storyboard */; };
		B5CBA115206949FA00BC8005 /* DiscoverPageViewController.swift in Sources */ = {isa = PBXBuildFile; fileRef = B5CBA114206949FA00BC8005 /* DiscoverPageViewController.swift */; };
		B5CBA16C206A396A00BC8005 /* DiscoveryTabController.swift in Sources */ = {isa = PBXBuildFile; fileRef = B5CBA16B206A396A00BC8005 /* DiscoveryTabController.swift */; };
		B5CBA16F206A3F5600BC8005 /* TopicShortListCell.swift in Sources */ = {isa = PBXBuildFile; fileRef = B5CBA16E206A3F5600BC8005 /* TopicShortListCell.swift */; };
		B5CBA171206A444300BC8005 /* TopicsModelManager.swift in Sources */ = {isa = PBXBuildFile; fileRef = B5CBA170206A444300BC8005 /* TopicsModelManager.swift */; };
		B5CBA173206A79DC00BC8005 /* TopicFullListCell.swift in Sources */ = {isa = PBXBuildFile; fileRef = B5CBA172206A79DC00BC8005 /* TopicFullListCell.swift */; };
		B5CBA175206A7A7C00BC8005 /* TopicListViewController.swift in Sources */ = {isa = PBXBuildFile; fileRef = B5CBA174206A7A7C00BC8005 /* TopicListViewController.swift */; };
		B5CBA179206A82FC00BC8005 /* FollowerListCell.swift in Sources */ = {isa = PBXBuildFile; fileRef = B5CBA178206A82FC00BC8005 /* FollowerListCell.swift */; };
		B5E7ABAC2074A7A2003FAB99 /* Topic.swift in Sources */ = {isa = PBXBuildFile; fileRef = B5CBA1012068D1A700BC8005 /* Topic.swift */; };
		B5E7ABAD2074A7AF003FAB99 /* ReadOnlyTopic.swift in Sources */ = {isa = PBXBuildFile; fileRef = B5CBA1032068D40F00BC8005 /* ReadOnlyTopic.swift */; };
		B5E7ABAE2074A7C4003FAB99 /* (null) in Sources */ = {isa = PBXBuildFile; };
		B5EE1DA82083BBED00098E9B /* MapViewController.swift in Sources */ = {isa = PBXBuildFile; fileRef = B5EE1DA72083BBED00098E9B /* MapViewController.swift */; };
		B5EE1DAA2083BC0F00098E9B /* CustomMarkerView.swift in Sources */ = {isa = PBXBuildFile; fileRef = B5EE1DA92083BC0F00098E9B /* CustomMarkerView.swift */; };
		B5EE1DB02084F57F00098E9B /* RestaurantFullListCell.xib in Resources */ = {isa = PBXBuildFile; fileRef = B5EE1DAF2084F57F00098E9B /* RestaurantFullListCell.xib */; };
		B5FF15A42080A3CA004F3954 /* RestaurantModelManagerTest.swift in Sources */ = {isa = PBXBuildFile; fileRef = B5FF15A32080A3CA004F3954 /* RestaurantModelManagerTest.swift */; };
		F22650AD20848ACA00D29542 /* Ingredient_list.plist in Resources */ = {isa = PBXBuildFile; fileRef = F22650AC20848ACA00D29542 /* Ingredient_list.plist */; };
		F22650B020863DB300D29542 /* DiscussionTabController.swift in Sources */ = {isa = PBXBuildFile; fileRef = F22650AF20863DB300D29542 /* DiscussionTabController.swift */; };
		F26698DE206649D400E3A1F2 /* Constants.swift in Sources */ = {isa = PBXBuildFile; fileRef = F26698DD206649D400E3A1F2 /* Constants.swift */; };
		F266991B2066CD3900E3A1F2 /* Like.swift in Sources */ = {isa = PBXBuildFile; fileRef = F26699142066CD3800E3A1F2 /* Like.swift */; };
		F266991C2066CD3900E3A1F2 /* Comment.swift in Sources */ = {isa = PBXBuildFile; fileRef = F26699152066CD3800E3A1F2 /* Comment.swift */; };
		F266991E2066CD3900E3A1F2 /* User.swift in Sources */ = {isa = PBXBuildFile; fileRef = F26699172066CD3900E3A1F2 /* User.swift */; };
		F26699202066CD3900E3A1F2 /* Post.swift in Sources */ = {isa = PBXBuildFile; fileRef = F26699192066CD3900E3A1F2 /* Post.swift */; };
		F26699212066CD3900E3A1F2 /* Profile.swift in Sources */ = {isa = PBXBuildFile; fileRef = F266991A2066CD3900E3A1F2 /* Profile.swift */; };
		F26699262068D47D00E3A1F2 /* Utilities.swift in Sources */ = {isa = PBXBuildFile; fileRef = F26699242068D47C00E3A1F2 /* Utilities.swift */; };
		F26699272068D47D00E3A1F2 /* Notification+customName.swift in Sources */ = {isa = PBXBuildFile; fileRef = F26699252068D47C00E3A1F2 /* Notification+customName.swift */; };
		F26699292068D73200E3A1F2 /* Share.storyboard in Resources */ = {isa = PBXBuildFile; fileRef = F26699282068D73200E3A1F2 /* Share.storyboard */; };
		F2BE6892205E8C8900DF9694 /* AppDelegate.swift in Sources */ = {isa = PBXBuildFile; fileRef = F2BE6891205E8C8900DF9694 /* AppDelegate.swift */; };
		F2BE6894205E8C8900DF9694 /* SignInController.swift in Sources */ = {isa = PBXBuildFile; fileRef = F2BE6893205E8C8900DF9694 /* SignInController.swift */; };
		F2BE6897205E8C8900DF9694 /* Main.storyboard in Resources */ = {isa = PBXBuildFile; fileRef = F2BE6895205E8C8900DF9694 /* Main.storyboard */; };
		F2BE689C205E8C8900DF9694 /* LaunchScreen.storyboard in Resources */ = {isa = PBXBuildFile; fileRef = F2BE689A205E8C8900DF9694 /* LaunchScreen.storyboard */; };
		F2BE68A7205E8C8900DF9694 /* DietShareTests.swift in Sources */ = {isa = PBXBuildFile; fileRef = F2BE68A6205E8C8900DF9694 /* DietShareTests.swift */; };
		F2BE68B2205E8C8900DF9694 /* DietShareUITests.swift in Sources */ = {isa = PBXBuildFile; fileRef = F2BE68B1205E8C8900DF9694 /* DietShareUITests.swift */; };
		F2BE68C7205EB56100DF9694 /* SignUpController.swift in Sources */ = {isa = PBXBuildFile; fileRef = F2BE68C6205EB56100DF9694 /* SignUpController.swift */; };
		F2E373B520716BBE0000F707 /* HomeController.swift in Sources */ = {isa = PBXBuildFile; fileRef = F2E373B320716BBE0000F707 /* HomeController.swift */; };
		F2E373B620716BBE0000F707 /* HomeTabController.swift in Sources */ = {isa = PBXBuildFile; fileRef = F2E373B420716BBE0000F707 /* HomeTabController.swift */; };
		F2E373BA20716BC90000F707 /* PostManager.swift in Sources */ = {isa = PBXBuildFile; fileRef = F2E373B820716BC90000F707 /* PostManager.swift */; };
		F2E373BB20716BC90000F707 /* PostsTableController.swift in Sources */ = {isa = PBXBuildFile; fileRef = F2E373B920716BC90000F707 /* PostsTableController.swift */; };
		F2E373BD20716BE50000F707 /* Home.storyboard in Resources */ = {isa = PBXBuildFile; fileRef = F2E373BC20716BE50000F707 /* Home.storyboard */; };
/* End PBXBuildFile section */

/* Begin PBXContainerItemProxy section */
		F2BE68A3205E8C8900DF9694 /* PBXContainerItemProxy */ = {
			isa = PBXContainerItemProxy;
			containerPortal = F2BE6886205E8C8800DF9694 /* Project object */;
			proxyType = 1;
			remoteGlobalIDString = F2BE688D205E8C8800DF9694;
			remoteInfo = DietShare;
		};
		F2BE68AE205E8C8900DF9694 /* PBXContainerItemProxy */ = {
			isa = PBXContainerItemProxy;
			containerPortal = F2BE6886205E8C8800DF9694 /* Project object */;
			proxyType = 1;
			remoteGlobalIDString = F2BE688D205E8C8800DF9694;
			remoteInfo = DietShare;
		};
/* End PBXContainerItemProxy section */

/* Begin PBXCopyFilesBuildPhase section */
		B504C2C9206BD1BA007F8956 /* Embed Frameworks */ = {
			isa = PBXCopyFilesBuildPhase;
			buildActionMask = 2147483647;
			dstPath = "";
			dstSubfolderSpec = 10;
			files = (
			);
			name = "Embed Frameworks";
			runOnlyForDeploymentPostprocessing = 0;
		};
/* End PBXCopyFilesBuildPhase section */

/* Begin PBXFileReference section */
		2BBF21CF870EC877547CFA6A /* Pods_DietShare.framework */ = {isa = PBXFileReference; explicitFileType = wrapper.framework; includeInIndex = 0; path = Pods_DietShare.framework; sourceTree = BUILT_PRODUCTS_DIR; };
		3B0834DD208255ED009A45E3 /* TopicTableCell.swift */ = {isa = PBXFileReference; lastKnownFileType = sourcecode.swift; path = TopicTableCell.swift; sourceTree = "<group>"; };
		3B0834E1208274BC009A45E3 /* FloatingTextInputController.swift */ = {isa = PBXFileReference; fileEncoding = 4; lastKnownFileType = sourcecode.swift; path = FloatingTextInputController.swift; sourceTree = "<group>"; };
		3B0834E3208274CF009A45E3 /* PublisherController.swift */ = {isa = PBXFileReference; fileEncoding = 4; lastKnownFileType = sourcecode.swift; path = PublisherController.swift; sourceTree = "<group>"; };
		3B0834E5208274DA009A45E3 /* PublishManager.swift */ = {isa = PBXFileReference; fileEncoding = 4; lastKnownFileType = sourcecode.swift; path = PublishManager.swift; sourceTree = "<group>"; };
		3B0834E7208274E3009A45E3 /* RestaurantListController.swift */ = {isa = PBXFileReference; fileEncoding = 4; lastKnownFileType = sourcecode.swift; path = RestaurantListController.swift; sourceTree = "<group>"; };
		3B0834E9208274ED009A45E3 /* TopicListController.swift */ = {isa = PBXFileReference; fileEncoding = 4; lastKnownFileType = sourcecode.swift; path = TopicListController.swift; sourceTree = "<group>"; };
		3B0834EB20827535009A45E3 /* FloatingTextInfo.swift */ = {isa = PBXFileReference; fileEncoding = 4; lastKnownFileType = sourcecode.swift; path = FloatingTextInfo.swift; sourceTree = "<group>"; };
		3B0834ED2082755F009A45E3 /* NutritionSticker.swift */ = {isa = PBXFileReference; fileEncoding = 4; lastKnownFileType = sourcecode.swift; path = NutritionSticker.swift; sourceTree = "<group>"; };
		3B0834EF20827568009A45E3 /* PublishRestaurantCell.swift */ = {isa = PBXFileReference; fileEncoding = 4; lastKnownFileType = sourcecode.swift; path = PublishRestaurantCell.swift; sourceTree = "<group>"; };
		3B0834F12082756E009A45E3 /* PublishTopicCell.swift */ = {isa = PBXFileReference; fileEncoding = 4; lastKnownFileType = sourcecode.swift; path = PublishTopicCell.swift; sourceTree = "<group>"; };
		3B0834F320827B9B009A45E3 /* UserListController.swift */ = {isa = PBXFileReference; fileEncoding = 4; lastKnownFileType = sourcecode.swift; path = UserListController.swift; sourceTree = "<group>"; };
		3B18BEDF2074C5A200809D3A /* PostDetailController.swift */ = {isa = PBXFileReference; lastKnownFileType = sourcecode.swift; path = PostDetailController.swift; sourceTree = "<group>"; };
		3B18BEE52074D97C00809D3A /* PostCellDelegate.swift */ = {isa = PBXFileReference; lastKnownFileType = sourcecode.swift; path = PostCellDelegate.swift; sourceTree = "<group>"; };
		3B37A716207F782E009ED0D3 /* Profile.xib */ = {isa = PBXFileReference; lastKnownFileType = file.xib; path = Profile.xib; sourceTree = "<group>"; };
		3B37A71B207F7F29009ED0D3 /* ProfileTabController.swift */ = {isa = PBXFileReference; lastKnownFileType = sourcecode.swift; path = ProfileTabController.swift; sourceTree = "<group>"; };
		3B37A723207F8083009ED0D3 /* ProfileController.swift */ = {isa = PBXFileReference; lastKnownFileType = sourcecode.swift; path = ProfileController.swift; sourceTree = "<group>"; };
		3B37A729207F975C009ED0D3 /* ScrollDelegate.swift */ = {isa = PBXFileReference; lastKnownFileType = sourcecode.swift; path = ScrollDelegate.swift; sourceTree = "<group>"; };
		3B40BB2520837D4E00323B7D /* MentionedController.swift */ = {isa = PBXFileReference; lastKnownFileType = sourcecode.swift; path = MentionedController.swift; sourceTree = "<group>"; };
		3B40BB272083803600323B7D /* MentionedCell.swift */ = {isa = PBXFileReference; lastKnownFileType = sourcecode.swift; path = MentionedCell.swift; sourceTree = "<group>"; };
		3B424B3920809F0900AB90BE /* Assets.xcassets */ = {isa = PBXFileReference; lastKnownFileType = folder.assetcatalog; path = Assets.xcassets; sourceTree = "<group>"; };
		3B424B3B2080EF5E00AB90BE /* Profile.storyboard */ = {isa = PBXFileReference; lastKnownFileType = file.storyboard; path = Profile.storyboard; sourceTree = "<group>"; };
		3B424B3D2080FBAE00AB90BE /* ProfileEditor.swift */ = {isa = PBXFileReference; lastKnownFileType = sourcecode.swift; path = ProfileEditor.swift; sourceTree = "<group>"; };
		3B424B3F2081038300AB90BE /* EditCell.swift */ = {isa = PBXFileReference; lastKnownFileType = sourcecode.swift; path = EditCell.swift; sourceTree = "<group>"; };
		3B424B4120810B0F00AB90BE /* EditFieldController.swift */ = {isa = PBXFileReference; lastKnownFileType = sourcecode.swift; path = EditFieldController.swift; sourceTree = "<group>"; };
		3BDA29C0207FC20A00E99DE3 /* CollageLayout.swift */ = {isa = PBXFileReference; fileEncoding = 4; lastKnownFileType = sourcecode.swift; path = CollageLayout.swift; sourceTree = "<group>"; };
		3BDA29C1207FC20A00E99DE3 /* Food.swift */ = {isa = PBXFileReference; fileEncoding = 4; lastKnownFileType = sourcecode.swift; path = Food.swift; sourceTree = "<group>"; };
		3BDA29C2207FC20A00E99DE3 /* Ingredient.swift */ = {isa = PBXFileReference; fileEncoding = 4; lastKnownFileType = sourcecode.swift; path = Ingredient.swift; sourceTree = "<group>"; };
		3BDA29C3207FC20A00E99DE3 /* ShareState.swift */ = {isa = PBXFileReference; fileEncoding = 4; lastKnownFileType = sourcecode.swift; path = ShareState.swift; sourceTree = "<group>"; };
		3BDA29C4207FC20A00E99DE3 /* StickerLayout.swift */ = {isa = PBXFileReference; fileEncoding = 4; lastKnownFileType = sourcecode.swift; path = StickerLayout.swift; sourceTree = "<group>"; };
		3BDA29C5207FC20A00E99DE3 /* StoredLayout.swift */ = {isa = PBXFileReference; fileEncoding = 4; lastKnownFileType = sourcecode.swift; path = StoredLayout.swift; sourceTree = "<group>"; };
		3BDA29C6207FC20A00E99DE3 /* StoredSticker.swift */ = {isa = PBXFileReference; fileEncoding = 4; lastKnownFileType = sourcecode.swift; path = StoredSticker.swift; sourceTree = "<group>"; };
		3BDA29CF207FC24A00E99DE3 /* CameraHandler.swift */ = {isa = PBXFileReference; fileEncoding = 4; lastKnownFileType = sourcecode.swift; path = CameraHandler.swift; sourceTree = "<group>"; };
		3BDA29D0207FC24A00E99DE3 /* FloatingContentAdderController.swift */ = {isa = PBXFileReference; fileEncoding = 4; lastKnownFileType = sourcecode.swift; path = FloatingContentAdderController.swift; sourceTree = "<group>"; };
		3BDA29D1207FC24A00E99DE3 /* FoodAdderController.swift */ = {isa = PBXFileReference; fileEncoding = 4; lastKnownFileType = sourcecode.swift; path = FoodAdderController.swift; sourceTree = "<group>"; };
		3BDA29D2207FC24A00E99DE3 /* FoodSelectController.swift */ = {isa = PBXFileReference; fileEncoding = 4; lastKnownFileType = sourcecode.swift; path = FoodSelectController.swift; sourceTree = "<group>"; };
		3BDA29D3207FC24A00E99DE3 /* IngredientPopupController.swift */ = {isa = PBXFileReference; fileEncoding = 4; lastKnownFileType = sourcecode.swift; path = IngredientPopupController.swift; sourceTree = "<group>"; };
		3BDA29D4207FC24A00E99DE3 /* LayoutPhotoSelectorController.swift */ = {isa = PBXFileReference; fileEncoding = 4; lastKnownFileType = sourcecode.swift; path = LayoutPhotoSelectorController.swift; sourceTree = "<group>"; };
		3BDA29D5207FC24A00E99DE3 /* PhotoModifierController.swift */ = {isa = PBXFileReference; fileEncoding = 4; lastKnownFileType = sourcecode.swift; path = PhotoModifierController.swift; sourceTree = "<group>"; };
		3BDA29D6207FC24A00E99DE3 /* PhotoUploaderViewController.swift */ = {isa = PBXFileReference; fileEncoding = 4; lastKnownFileType = sourcecode.swift; path = PhotoUploaderViewController.swift; sourceTree = "<group>"; };
		3BDA29D7207FC24A00E99DE3 /* ShareTabController.swift */ = {isa = PBXFileReference; fileEncoding = 4; lastKnownFileType = sourcecode.swift; path = ShareTabController.swift; sourceTree = "<group>"; };
		3BDA29E1207FC28600E99DE3 /* UsersDataSource.swift */ = {isa = PBXFileReference; fileEncoding = 4; lastKnownFileType = sourcecode.swift; path = UsersDataSource.swift; sourceTree = "<group>"; };
		3BDA29E3207FC28C00E99DE3 /* UsersLocalDataSource.swift */ = {isa = PBXFileReference; fileEncoding = 4; lastKnownFileType = sourcecode.swift; path = UsersLocalDataSource.swift; sourceTree = "<group>"; };
		3BDA29E5207FC2B200E99DE3 /* StringList.swift */ = {isa = PBXFileReference; fileEncoding = 4; lastKnownFileType = sourcecode.swift; path = StringList.swift; sourceTree = "<group>"; };
		3BDA29E9207FC2CD00E99DE3 /* FloatingTextInputPopup.xib */ = {isa = PBXFileReference; fileEncoding = 4; lastKnownFileType = file.xib; path = FloatingTextInputPopup.xib; sourceTree = "<group>"; };
		3BDA29EA207FC2CD00E99DE3 /* FoodCell.swift */ = {isa = PBXFileReference; fileEncoding = 4; lastKnownFileType = sourcecode.swift; path = FoodCell.swift; sourceTree = "<group>"; };
		3BDA29EB207FC2CD00E99DE3 /* IngredientCell.swift */ = {isa = PBXFileReference; fileEncoding = 4; lastKnownFileType = sourcecode.swift; path = IngredientCell.swift; sourceTree = "<group>"; };
		3BDA29EC207FC2CD00E99DE3 /* IngredientDropDownCell.swift */ = {isa = PBXFileReference; fileEncoding = 4; lastKnownFileType = sourcecode.swift; path = IngredientDropDownCell.swift; sourceTree = "<group>"; };
		3BDA29ED207FC2CD00E99DE3 /* IngredientDropDownCell.xib */ = {isa = PBXFileReference; fileEncoding = 4; lastKnownFileType = file.xib; path = IngredientDropDownCell.xib; sourceTree = "<group>"; };
		3BDA29EE207FC2CD00E99DE3 /* IngredientPopup.xib */ = {isa = PBXFileReference; fileEncoding = 4; lastKnownFileType = file.xib; path = IngredientPopup.xib; sourceTree = "<group>"; };
		3BDA29EF207FC2CD00E99DE3 /* LayoutPhotoPreviewCell.swift */ = {isa = PBXFileReference; fileEncoding = 4; lastKnownFileType = sourcecode.swift; path = LayoutPhotoPreviewCell.swift; sourceTree = "<group>"; };
		3BDA29F0207FC2CD00E99DE3 /* LayoutPhotoSelectorCell.swift */ = {isa = PBXFileReference; fileEncoding = 4; lastKnownFileType = sourcecode.swift; path = LayoutPhotoSelectorCell.swift; sourceTree = "<group>"; };
		3BDA29F1207FC2CD00E99DE3 /* LayoutPhotoSelectorUIDelegate.swift */ = {isa = PBXFileReference; fileEncoding = 4; lastKnownFileType = sourcecode.swift; path = LayoutPhotoSelectorUIDelegate.swift; sourceTree = "<group>"; };
		3BDA29F2207FC2CD00E99DE3 /* NutritionSticker.xib */ = {isa = PBXFileReference; fileEncoding = 4; lastKnownFileType = file.xib; path = NutritionSticker.xib; sourceTree = "<group>"; };
		3BDA29F3207FC2CD00E99DE3 /* PhotoOptionCell.swift */ = {isa = PBXFileReference; fileEncoding = 4; lastKnownFileType = sourcecode.swift; path = PhotoOptionCell.swift; sourceTree = "<group>"; };
		3BDA29F4207FC2CD00E99DE3 /* TextColorCell.swift */ = {isa = PBXFileReference; fileEncoding = 4; lastKnownFileType = sourcecode.swift; path = TextColorCell.swift; sourceTree = "<group>"; };
		3BDA29F5207FC2CD00E99DE3 /* TextColorCell.xib */ = {isa = PBXFileReference; fileEncoding = 4; lastKnownFileType = file.xib; path = TextColorCell.xib; sourceTree = "<group>"; };
		3BDA29F6207FC2CD00E99DE3 /* TextPreviewCell.swift */ = {isa = PBXFileReference; fileEncoding = 4; lastKnownFileType = sourcecode.swift; path = TextPreviewCell.swift; sourceTree = "<group>"; };
		3BDA2A1F207FCB2700E99DE3 /* UserModelManager.swift */ = {isa = PBXFileReference; fileEncoding = 4; lastKnownFileType = sourcecode.swift; path = UserModelManager.swift; sourceTree = "<group>"; };
		3BDA2A22207FCBD500E99DE3 /* CommentCell.swift */ = {isa = PBXFileReference; fileEncoding = 4; lastKnownFileType = sourcecode.swift; path = CommentCell.swift; sourceTree = "<group>"; };
		3BDA2A23207FCBD500E99DE3 /* CommentCell.xib */ = {isa = PBXFileReference; fileEncoding = 4; lastKnownFileType = file.xib; path = CommentCell.xib; sourceTree = "<group>"; };
		3BDA2A24207FCBD500E99DE3 /* UserCell.swift */ = {isa = PBXFileReference; fileEncoding = 4; lastKnownFileType = sourcecode.swift; path = UserCell.swift; sourceTree = "<group>"; };
		3BDA2A25207FCBD500E99DE3 /* UserCell.xib */ = {isa = PBXFileReference; fileEncoding = 4; lastKnownFileType = file.xib; path = UserCell.xib; sourceTree = "<group>"; };
		3BDA2A26207FCBD500E99DE3 /* PostCell.swift */ = {isa = PBXFileReference; fileEncoding = 4; lastKnownFileType = sourcecode.swift; path = PostCell.swift; sourceTree = "<group>"; };
		3BDA2A27207FCBD500E99DE3 /* PostCell.xib */ = {isa = PBXFileReference; fileEncoding = 4; lastKnownFileType = file.xib; path = PostCell.xib; sourceTree = "<group>"; };
		3BDA2A28207FCBD500E99DE3 /* PostDetail.xib */ = {isa = PBXFileReference; fileEncoding = 4; lastKnownFileType = file.xib; path = PostDetail.xib; sourceTree = "<group>"; };
		3BDA2A29207FCBD500E99DE3 /* PostsTable.xib */ = {isa = PBXFileReference; fileEncoding = 4; lastKnownFileType = file.xib; path = PostsTable.xib; sourceTree = "<group>"; };
		3BDA2A2A207FCBD500E99DE3 /* TextField.xib */ = {isa = PBXFileReference; fileEncoding = 4; lastKnownFileType = file.xib; path = TextField.xib; sourceTree = "<group>"; };
		3BDA2A2B207FCBD500E99DE3 /* TextFieldController.swift */ = {isa = PBXFileReference; fileEncoding = 4; lastKnownFileType = sourcecode.swift; path = TextFieldController.swift; sourceTree = "<group>"; };
		3BDA2A2C207FCBD500E99DE3 /* TopicCell.swift */ = {isa = PBXFileReference; fileEncoding = 4; lastKnownFileType = sourcecode.swift; path = TopicCell.swift; sourceTree = "<group>"; };
		3BDA2A2D207FCBD500E99DE3 /* TopicCell.xib */ = {isa = PBXFileReference; fileEncoding = 4; lastKnownFileType = file.xib; path = TopicCell.xib; sourceTree = "<group>"; };
		3BFE06AF207E475E003F67F7 /* CommentDelegate.swift */ = {isa = PBXFileReference; lastKnownFileType = sourcecode.swift; path = CommentDelegate.swift; sourceTree = "<group>"; };
		48C85D3A73B7A4072A41F30B /* Pods-DietShare.debug.xcconfig */ = {isa = PBXFileReference; includeInIndex = 1; lastKnownFileType = text.xcconfig; name = "Pods-DietShare.debug.xcconfig"; path = "Pods/Target Support Files/Pods-DietShare/Pods-DietShare.debug.xcconfig"; sourceTree = "<group>"; };
		5428D376C75B830054E39644 /* Pods-DietShare.release.xcconfig */ = {isa = PBXFileReference; includeInIndex = 1; lastKnownFileType = text.xcconfig; name = "Pods-DietShare.release.xcconfig"; path = "Pods/Target Support Files/Pods-DietShare/Pods-DietShare.release.xcconfig"; sourceTree = "<group>"; };
		6AFF2F5D2084A60E0018DD84 /* RawIngredient.swift */ = {isa = PBXFileReference; lastKnownFileType = sourcecode.swift; path = RawIngredient.swift; sourceTree = "<group>"; };
		B504C2A2206BB6B9007F8956 /* TopicViewController.swift */ = {isa = PBXFileReference; lastKnownFileType = sourcecode.swift; path = TopicViewController.swift; sourceTree = "<group>"; };
		B504C2A5206BBB08007F8956 /* TopicsDataSource.swift */ = {isa = PBXFileReference; lastKnownFileType = sourcecode.swift; path = TopicsDataSource.swift; sourceTree = "<group>"; };
		B504C2A7206BBCD3007F8956 /* TopicsLocalDataSource.swift */ = {isa = PBXFileReference; lastKnownFileType = sourcecode.swift; path = TopicsLocalDataSource.swift; sourceTree = "<group>"; };
		B504C2CC206D0EF5007F8956 /* RestaurantsModelManager.swift */ = {isa = PBXFileReference; lastKnownFileType = sourcecode.swift; path = RestaurantsModelManager.swift; sourceTree = "<group>"; };
		B504C2CE206D1234007F8956 /* RestaurantsDataSource.swift */ = {isa = PBXFileReference; lastKnownFileType = sourcecode.swift; path = RestaurantsDataSource.swift; sourceTree = "<group>"; };
		B504C2D0206D133E007F8956 /* RestaurantLocalDataSource.swift */ = {isa = PBXFileReference; lastKnownFileType = sourcecode.swift; path = RestaurantLocalDataSource.swift; sourceTree = "<group>"; };
		B504C2D2206D1BB5007F8956 /* Rating.swift */ = {isa = PBXFileReference; lastKnownFileType = sourcecode.swift; path = Rating.swift; sourceTree = "<group>"; };
		B525A139208261D7003AF5D0 /* RatingList.swift */ = {isa = PBXFileReference; lastKnownFileType = sourcecode.swift; path = RatingList.swift; sourceTree = "<group>"; };
		B5281104207BC5FA00CFAB18 /* TopicsLocalDataSourceTest.swift */ = {isa = PBXFileReference; lastKnownFileType = sourcecode.swift; path = TopicsLocalDataSourceTest.swift; sourceTree = "<group>"; };
		B5388AAC207495700062E6E9 /* RestaurantListViewController.swift */ = {isa = PBXFileReference; lastKnownFileType = sourcecode.swift; path = RestaurantListViewController.swift; sourceTree = "<group>"; };
		B5388AB4207495B40062E6E9 /* RestaurantViewController.swift */ = {isa = PBXFileReference; lastKnownFileType = sourcecode.swift; path = RestaurantViewController.swift; sourceTree = "<group>"; };
		B5388AB6207496030062E6E9 /* RestaurantFullListCell.swift */ = {isa = PBXFileReference; lastKnownFileType = sourcecode.swift; path = RestaurantFullListCell.swift; sourceTree = "<group>"; };
		B5488AEB207325EF00F0E3E8 /* TopicTest.swift */ = {isa = PBXFileReference; lastKnownFileType = sourcecode.swift; path = TopicTest.swift; sourceTree = "<group>"; };
		B5488AED2073AFA800F0E3E8 /* RestaurantShortListCell.swift */ = {isa = PBXFileReference; lastKnownFileType = sourcecode.swift; path = RestaurantShortListCell.swift; sourceTree = "<group>"; };
		B5671A2220828477007DBF20 /* CuisineTypeCell.swift */ = {isa = PBXFileReference; lastKnownFileType = sourcecode.swift; path = CuisineTypeCell.swift; sourceTree = "<group>"; };
		B5671A242082857A007DBF20 /* CuisineTypeCell.xib */ = {isa = PBXFileReference; lastKnownFileType = file.xib; path = CuisineTypeCell.xib; sourceTree = "<group>"; };
		B5A01CE2207D0C8C00B26CC2 /* RestaurantsLocalDataSourceTest.swift */ = {isa = PBXFileReference; lastKnownFileType = sourcecode.swift; path = RestaurantsLocalDataSourceTest.swift; sourceTree = "<group>"; };
		B5CBA1012068D1A700BC8005 /* Topic.swift */ = {isa = PBXFileReference; lastKnownFileType = sourcecode.swift; path = Topic.swift; sourceTree = "<group>"; };
		B5CBA1032068D40F00BC8005 /* ReadOnlyTopic.swift */ = {isa = PBXFileReference; lastKnownFileType = sourcecode.swift; path = ReadOnlyTopic.swift; sourceTree = "<group>"; };
		B5CBA10E2069226600BC8005 /* Restaurant.swift */ = {isa = PBXFileReference; lastKnownFileType = sourcecode.swift; path = Restaurant.swift; sourceTree = "<group>"; };
		B5CBA1102069227E00BC8005 /* ReadOnlyRestaurant.swift */ = {isa = PBXFileReference; lastKnownFileType = sourcecode.swift; path = ReadOnlyRestaurant.swift; sourceTree = "<group>"; };
		B5CBA1122069411C00BC8005 /* Discovery.storyboard */ = {isa = PBXFileReference; lastKnownFileType = file.storyboard; path = Discovery.storyboard; sourceTree = "<group>"; };
		B5CBA114206949FA00BC8005 /* DiscoverPageViewController.swift */ = {isa = PBXFileReference; lastKnownFileType = sourcecode.swift; path = DiscoverPageViewController.swift; sourceTree = "<group>"; };
		B5CBA16B206A396A00BC8005 /* DiscoveryTabController.swift */ = {isa = PBXFileReference; lastKnownFileType = sourcecode.swift; path = DiscoveryTabController.swift; sourceTree = "<group>"; };
		B5CBA16E206A3F5600BC8005 /* TopicShortListCell.swift */ = {isa = PBXFileReference; lastKnownFileType = sourcecode.swift; path = TopicShortListCell.swift; sourceTree = "<group>"; };
		B5CBA170206A444300BC8005 /* TopicsModelManager.swift */ = {isa = PBXFileReference; lastKnownFileType = sourcecode.swift; path = TopicsModelManager.swift; sourceTree = "<group>"; };
		B5CBA172206A79DC00BC8005 /* TopicFullListCell.swift */ = {isa = PBXFileReference; lastKnownFileType = sourcecode.swift; path = TopicFullListCell.swift; sourceTree = "<group>"; };
		B5CBA174206A7A7C00BC8005 /* TopicListViewController.swift */ = {isa = PBXFileReference; lastKnownFileType = sourcecode.swift; path = TopicListViewController.swift; sourceTree = "<group>"; };
		B5CBA178206A82FC00BC8005 /* FollowerListCell.swift */ = {isa = PBXFileReference; lastKnownFileType = sourcecode.swift; path = FollowerListCell.swift; sourceTree = "<group>"; };
		B5EE1DA72083BBED00098E9B /* MapViewController.swift */ = {isa = PBXFileReference; lastKnownFileType = sourcecode.swift; path = MapViewController.swift; sourceTree = "<group>"; };
		B5EE1DA92083BC0F00098E9B /* CustomMarkerView.swift */ = {isa = PBXFileReference; lastKnownFileType = sourcecode.swift; path = CustomMarkerView.swift; sourceTree = "<group>"; };
		B5EE1DAF2084F57F00098E9B /* RestaurantFullListCell.xib */ = {isa = PBXFileReference; lastKnownFileType = file.xib; path = RestaurantFullListCell.xib; sourceTree = "<group>"; };
		B5FF15A32080A3CA004F3954 /* RestaurantModelManagerTest.swift */ = {isa = PBXFileReference; lastKnownFileType = sourcecode.swift; path = RestaurantModelManagerTest.swift; sourceTree = "<group>"; };
		F22650AC20848ACA00D29542 /* Ingredient_list.plist */ = {isa = PBXFileReference; fileEncoding = 4; lastKnownFileType = text.plist.xml; path = Ingredient_list.plist; sourceTree = "<group>"; };
		F22650AF20863DB300D29542 /* DiscussionTabController.swift */ = {isa = PBXFileReference; lastKnownFileType = sourcecode.swift; path = DiscussionTabController.swift; sourceTree = "<group>"; };
		F26698CC20640EC400E3A1F2 /* IngredientPopup.xib */ = {isa = PBXFileReference; lastKnownFileType = file.xib; path = IngredientPopup.xib; sourceTree = "<group>"; };
		F26698DD206649D400E3A1F2 /* Constants.swift */ = {isa = PBXFileReference; lastKnownFileType = sourcecode.swift; path = Constants.swift; sourceTree = "<group>"; };
		F26699142066CD3800E3A1F2 /* Like.swift */ = {isa = PBXFileReference; fileEncoding = 4; lastKnownFileType = sourcecode.swift; path = Like.swift; sourceTree = "<group>"; };
		F26699152066CD3800E3A1F2 /* Comment.swift */ = {isa = PBXFileReference; fileEncoding = 4; lastKnownFileType = sourcecode.swift; path = Comment.swift; sourceTree = "<group>"; };
		F26699172066CD3900E3A1F2 /* User.swift */ = {isa = PBXFileReference; fileEncoding = 4; lastKnownFileType = sourcecode.swift; path = User.swift; sourceTree = "<group>"; };
		F26699192066CD3900E3A1F2 /* Post.swift */ = {isa = PBXFileReference; fileEncoding = 4; lastKnownFileType = sourcecode.swift; path = Post.swift; sourceTree = "<group>"; };
		F266991A2066CD3900E3A1F2 /* Profile.swift */ = {isa = PBXFileReference; fileEncoding = 4; lastKnownFileType = sourcecode.swift; path = Profile.swift; sourceTree = "<group>"; };
		F26699242068D47C00E3A1F2 /* Utilities.swift */ = {isa = PBXFileReference; fileEncoding = 4; lastKnownFileType = sourcecode.swift; path = Utilities.swift; sourceTree = "<group>"; };
		F26699252068D47C00E3A1F2 /* Notification+customName.swift */ = {isa = PBXFileReference; fileEncoding = 4; lastKnownFileType = sourcecode.swift; path = "Notification+customName.swift"; sourceTree = "<group>"; };
		F26699282068D73200E3A1F2 /* Share.storyboard */ = {isa = PBXFileReference; lastKnownFileType = file.storyboard; path = Share.storyboard; sourceTree = "<group>"; };
		F2BE688E205E8C8800DF9694 /* DietShare.app */ = {isa = PBXFileReference; explicitFileType = wrapper.application; includeInIndex = 0; path = DietShare.app; sourceTree = BUILT_PRODUCTS_DIR; };
		F2BE6891205E8C8900DF9694 /* AppDelegate.swift */ = {isa = PBXFileReference; lastKnownFileType = sourcecode.swift; path = AppDelegate.swift; sourceTree = "<group>"; };
		F2BE6893205E8C8900DF9694 /* SignInController.swift */ = {isa = PBXFileReference; lastKnownFileType = sourcecode.swift; path = SignInController.swift; sourceTree = "<group>"; };
		F2BE6896205E8C8900DF9694 /* Base */ = {isa = PBXFileReference; lastKnownFileType = file.storyboard; name = Base; path = Base.lproj/Main.storyboard; sourceTree = "<group>"; };
		F2BE689B205E8C8900DF9694 /* Base */ = {isa = PBXFileReference; lastKnownFileType = file.storyboard; name = Base; path = Base.lproj/LaunchScreen.storyboard; sourceTree = "<group>"; };
		F2BE689D205E8C8900DF9694 /* Info.plist */ = {isa = PBXFileReference; lastKnownFileType = text.plist.xml; path = Info.plist; sourceTree = "<group>"; };
		F2BE68A2205E8C8900DF9694 /* DietShareTests.xctest */ = {isa = PBXFileReference; explicitFileType = wrapper.cfbundle; includeInIndex = 0; path = DietShareTests.xctest; sourceTree = BUILT_PRODUCTS_DIR; };
		F2BE68A6205E8C8900DF9694 /* DietShareTests.swift */ = {isa = PBXFileReference; lastKnownFileType = sourcecode.swift; path = DietShareTests.swift; sourceTree = "<group>"; };
		F2BE68A8205E8C8900DF9694 /* Info.plist */ = {isa = PBXFileReference; lastKnownFileType = text.plist.xml; path = Info.plist; sourceTree = "<group>"; };
		F2BE68AD205E8C8900DF9694 /* DietShareUITests.xctest */ = {isa = PBXFileReference; explicitFileType = wrapper.cfbundle; includeInIndex = 0; path = DietShareUITests.xctest; sourceTree = BUILT_PRODUCTS_DIR; };
		F2BE68B1205E8C8900DF9694 /* DietShareUITests.swift */ = {isa = PBXFileReference; lastKnownFileType = sourcecode.swift; path = DietShareUITests.swift; sourceTree = "<group>"; };
		F2BE68B3205E8C8900DF9694 /* Info.plist */ = {isa = PBXFileReference; lastKnownFileType = text.plist.xml; path = Info.plist; sourceTree = "<group>"; };
		F2BE68C6205EB56100DF9694 /* SignUpController.swift */ = {isa = PBXFileReference; lastKnownFileType = sourcecode.swift; path = SignUpController.swift; sourceTree = "<group>"; };
		F2E373B320716BBE0000F707 /* HomeController.swift */ = {isa = PBXFileReference; fileEncoding = 4; lastKnownFileType = sourcecode.swift; path = HomeController.swift; sourceTree = "<group>"; };
		F2E373B420716BBE0000F707 /* HomeTabController.swift */ = {isa = PBXFileReference; fileEncoding = 4; lastKnownFileType = sourcecode.swift; path = HomeTabController.swift; sourceTree = "<group>"; };
		F2E373B820716BC90000F707 /* PostManager.swift */ = {isa = PBXFileReference; fileEncoding = 4; lastKnownFileType = sourcecode.swift; path = PostManager.swift; sourceTree = "<group>"; };
		F2E373B920716BC90000F707 /* PostsTableController.swift */ = {isa = PBXFileReference; fileEncoding = 4; lastKnownFileType = sourcecode.swift; path = PostsTableController.swift; sourceTree = "<group>"; };
		F2E373BC20716BE50000F707 /* Home.storyboard */ = {isa = PBXFileReference; fileEncoding = 4; lastKnownFileType = file.storyboard; path = Home.storyboard; sourceTree = "<group>"; };
/* End PBXFileReference section */

/* Begin PBXFrameworksBuildPhase section */
		F2BE688B205E8C8800DF9694 /* Frameworks */ = {
			isa = PBXFrameworksBuildPhase;
			buildActionMask = 2147483647;
			files = (
				1470042D11BC0D3A5CC8C888 /* Pods_DietShare.framework in Frameworks */,
			);
			runOnlyForDeploymentPostprocessing = 0;
		};
		F2BE689F205E8C8900DF9694 /* Frameworks */ = {
			isa = PBXFrameworksBuildPhase;
			buildActionMask = 2147483647;
			files = (
			);
			runOnlyForDeploymentPostprocessing = 0;
		};
		F2BE68AA205E8C8900DF9694 /* Frameworks */ = {
			isa = PBXFrameworksBuildPhase;
			buildActionMask = 2147483647;
			files = (
			);
			runOnlyForDeploymentPostprocessing = 0;
		};
/* End PBXFrameworksBuildPhase section */

/* Begin PBXGroup section */
		3B37A715207F77A5009ED0D3 /* Profile */ = {
			isa = PBXGroup;
			children = (
				3B37A716207F782E009ED0D3 /* Profile.xib */,
				3B424B3F2081038300AB90BE /* EditCell.swift */,
				3BDA2A24207FCBD500E99DE3 /* UserCell.swift */,
				3BDA2A25207FCBD500E99DE3 /* UserCell.xib */,
				3B0834DD208255ED009A45E3 /* TopicTableCell.swift */,
			);
			path = Profile;
			sourceTree = "<group>";
		};
		3B37A71A207F7F0B009ED0D3 /* Profile */ = {
			isa = PBXGroup;
			children = (
				3B37A71B207F7F29009ED0D3 /* ProfileTabController.swift */,
				3B37A723207F8083009ED0D3 /* ProfileController.swift */,
				3B424B3D2080FBAE00AB90BE /* ProfileEditor.swift */,
				3B424B4120810B0F00AB90BE /* EditFieldController.swift */,
				3B0834F320827B9B009A45E3 /* UserListController.swift */,
			);
			path = Profile;
			sourceTree = "<group>";
		};
		3BDA29BF207FC20A00E99DE3 /* Share */ = {
			isa = PBXGroup;
			children = (
				3BDA29C0207FC20A00E99DE3 /* CollageLayout.swift */,
				3B0834EB20827535009A45E3 /* FloatingTextInfo.swift */,
				3BDA29C1207FC20A00E99DE3 /* Food.swift */,
				6AFF2F5D2084A60E0018DD84 /* RawIngredient.swift */,
				3BDA29C2207FC20A00E99DE3 /* Ingredient.swift */,
				3BDA29C3207FC20A00E99DE3 /* ShareState.swift */,
				3BDA29C4207FC20A00E99DE3 /* StickerLayout.swift */,
				3BDA29C5207FC20A00E99DE3 /* StoredLayout.swift */,
				3BDA29C6207FC20A00E99DE3 /* StoredSticker.swift */,
			);
			path = Share;
			sourceTree = "<group>";
		};
		3BDA29CE207FC24A00E99DE3 /* Share */ = {
			isa = PBXGroup;
			children = (
				3BDA29CF207FC24A00E99DE3 /* CameraHandler.swift */,
				3BDA29D0207FC24A00E99DE3 /* FloatingContentAdderController.swift */,
				3B0834E1208274BC009A45E3 /* FloatingTextInputController.swift */,
				3BDA29D1207FC24A00E99DE3 /* FoodAdderController.swift */,
				3BDA29D2207FC24A00E99DE3 /* FoodSelectController.swift */,
				3BDA29D3207FC24A00E99DE3 /* IngredientPopupController.swift */,
				3BDA29D4207FC24A00E99DE3 /* LayoutPhotoSelectorController.swift */,
				3BDA29D5207FC24A00E99DE3 /* PhotoModifierController.swift */,
				3BDA29D6207FC24A00E99DE3 /* PhotoUploaderViewController.swift */,
				3B0834E3208274CF009A45E3 /* PublisherController.swift */,
				3B0834E5208274DA009A45E3 /* PublishManager.swift */,
				3B0834E7208274E3009A45E3 /* RestaurantListController.swift */,
				3BDA29D7207FC24A00E99DE3 /* ShareTabController.swift */,
				3B0834E9208274ED009A45E3 /* TopicListController.swift */,
			);
			path = Share;
			sourceTree = "<group>";
		};
		3BDA29E7207FC2CD00E99DE3 /* Share */ = {
			isa = PBXGroup;
			children = (
				3BDA29E9207FC2CD00E99DE3 /* FloatingTextInputPopup.xib */,
				3BDA29EB207FC2CD00E99DE3 /* IngredientCell.swift */,
				3BDA29EC207FC2CD00E99DE3 /* IngredientDropDownCell.swift */,
				3BDA29ED207FC2CD00E99DE3 /* IngredientDropDownCell.xib */,
				3BDA29EE207FC2CD00E99DE3 /* IngredientPopup.xib */,
				3BDA29EF207FC2CD00E99DE3 /* LayoutPhotoPreviewCell.swift */,
				3BDA29EA207FC2CD00E99DE3 /* FoodCell.swift */,
				3BDA29F0207FC2CD00E99DE3 /* LayoutPhotoSelectorCell.swift */,
				3BDA29F1207FC2CD00E99DE3 /* LayoutPhotoSelectorUIDelegate.swift */,
				3B0834ED2082755F009A45E3 /* NutritionSticker.swift */,
				3BDA29F2207FC2CD00E99DE3 /* NutritionSticker.xib */,
				3BDA29F3207FC2CD00E99DE3 /* PhotoOptionCell.swift */,
				3B0834EF20827568009A45E3 /* PublishRestaurantCell.swift */,
				3B0834F12082756E009A45E3 /* PublishTopicCell.swift */,
				3BDA29F4207FC2CD00E99DE3 /* TextColorCell.swift */,
				3BDA29F5207FC2CD00E99DE3 /* TextColorCell.xib */,
				3BDA29F6207FC2CD00E99DE3 /* TextPreviewCell.swift */,
			);
			path = Share;
			sourceTree = "<group>";
		};
		3BDA2A21207FCBD500E99DE3 /* Post */ = {
			isa = PBXGroup;
			children = (
				3BDA2A22207FCBD500E99DE3 /* CommentCell.swift */,
				3BDA2A23207FCBD500E99DE3 /* CommentCell.xib */,
				3BDA2A26207FCBD500E99DE3 /* PostCell.swift */,
				3BDA2A27207FCBD500E99DE3 /* PostCell.xib */,
				3BDA2A28207FCBD500E99DE3 /* PostDetail.xib */,
				3BDA2A29207FCBD500E99DE3 /* PostsTable.xib */,
				3BDA2A2A207FCBD500E99DE3 /* TextField.xib */,
				3BDA2A2B207FCBD500E99DE3 /* TextFieldController.swift */,
				3BDA2A2C207FCBD500E99DE3 /* TopicCell.swift */,
				3BDA2A2D207FCBD500E99DE3 /* TopicCell.xib */,
				3B40BB272083803600323B7D /* MentionedCell.swift */,
			);
			name = Post;
			path = DietShare/Views/Post;
			sourceTree = SOURCE_ROOT;
		};
		B4D17446E75367AEC9130823 /* Pods */ = {
			isa = PBXGroup;
			children = (
				48C85D3A73B7A4072A41F30B /* Pods-DietShare.debug.xcconfig */,
				5428D376C75B830054E39644 /* Pods-DietShare.release.xcconfig */,
			);
			name = Pods;
			sourceTree = "<group>";
		};
		B504C2A4206BBACD007F8956 /* DataSource */ = {
			isa = PBXGroup;
			children = (
				B504C2A5206BBB08007F8956 /* TopicsDataSource.swift */,
				B504C2CE206D1234007F8956 /* RestaurantsDataSource.swift */,
				B504C2A7206BBCD3007F8956 /* TopicsLocalDataSource.swift */,
				B504C2D0206D133E007F8956 /* RestaurantLocalDataSource.swift */,
				3BDA29E1207FC28600E99DE3 /* UsersDataSource.swift */,
				3BDA29E3207FC28C00E99DE3 /* UsersLocalDataSource.swift */,
			);
			path = DataSource;
			sourceTree = "<group>";
		};
		B5671A27208292FD007DBF20 /* Recovered References */ = {
			isa = PBXGroup;
			children = (
				F26698CC20640EC400E3A1F2 /* IngredientPopup.xib */,
			);
			name = "Recovered References";
			sourceTree = "<group>";
		};
		B5CBA1002068D18A00BC8005 /* Discovery */ = {
			isa = PBXGroup;
			children = (
				B5CBA1012068D1A700BC8005 /* Topic.swift */,
				B5CBA1032068D40F00BC8005 /* ReadOnlyTopic.swift */,
				B5CBA10E2069226600BC8005 /* Restaurant.swift */,
				B5CBA1102069227E00BC8005 /* ReadOnlyRestaurant.swift */,
				B5CBA170206A444300BC8005 /* TopicsModelManager.swift */,
				B504C2CC206D0EF5007F8956 /* RestaurantsModelManager.swift */,
				B504C2D2206D1BB5007F8956 /* Rating.swift */,
				B525A139208261D7003AF5D0 /* RatingList.swift */,
				3BDA2A1F207FCB2700E99DE3 /* UserModelManager.swift */,
			);
			path = Discovery;
			sourceTree = "<group>";
		};
		B5CBA11620694A0700BC8005 /* Discovery */ = {
			isa = PBXGroup;
			children = (
				B5CBA114206949FA00BC8005 /* DiscoverPageViewController.swift */,
				B5CBA16B206A396A00BC8005 /* DiscoveryTabController.swift */,
				B5CBA174206A7A7C00BC8005 /* TopicListViewController.swift */,
				B504C2A2206BB6B9007F8956 /* TopicViewController.swift */,
				B5388AAC207495700062E6E9 /* RestaurantListViewController.swift */,
				B5388AB4207495B40062E6E9 /* RestaurantViewController.swift */,
				B5EE1DA72083BBED00098E9B /* MapViewController.swift */,
			);
			path = Discovery;
			sourceTree = "<group>";
		};
		B5CBA16D206A3F3800BC8005 /* Discovery */ = {
			isa = PBXGroup;
			children = (
				B5CBA16E206A3F5600BC8005 /* TopicShortListCell.swift */,
				B5CBA172206A79DC00BC8005 /* TopicFullListCell.swift */,
				B5CBA178206A82FC00BC8005 /* FollowerListCell.swift */,
				B5488AED2073AFA800F0E3E8 /* RestaurantShortListCell.swift */,
				B5388AB6207496030062E6E9 /* RestaurantFullListCell.swift */,
				B5671A2220828477007DBF20 /* CuisineTypeCell.swift */,
				B5671A242082857A007DBF20 /* CuisineTypeCell.xib */,
				B5EE1DA92083BC0F00098E9B /* CustomMarkerView.swift */,
				B5EE1DAF2084F57F00098E9B /* RestaurantFullListCell.xib */,
			);
			path = Discovery;
			sourceTree = "<group>";
		};
		B7DF5A4C3BE7B17C33F67D46 /* Frameworks */ = {
			isa = PBXGroup;
			children = (
				2BBF21CF870EC877547CFA6A /* Pods_DietShare.framework */,
			);
			name = Frameworks;
			sourceTree = "<group>";
		};
		F207CCA520625A0600EF2904 /* Login */ = {
			isa = PBXGroup;
			children = (
				F2BE6893205E8C8900DF9694 /* SignInController.swift */,
				F2BE68C6205EB56100DF9694 /* SignUpController.swift */,
			);
			path = Login;
			sourceTree = "<group>";
		};
		F22650AE20863D8E00D29542 /* Discussion */ = {
			isa = PBXGroup;
			children = (
				F22650AF20863DB300D29542 /* DiscussionTabController.swift */,
			);
			path = Discussion;
			sourceTree = "<group>";
		};
		F26698D2206417B100E3A1F2 /* Views */ = {
			isa = PBXGroup;
			children = (
				3B37A715207F77A5009ED0D3 /* Profile */,
				B5CBA16D206A3F3800BC8005 /* Discovery */,
				3BDA29E7207FC2CD00E99DE3 /* Share */,
				3BDA2A21207FCBD500E99DE3 /* Post */,
			);
			path = Views;
			sourceTree = "<group>";
		};
		F26698DA206571E500E3A1F2 /* Models */ = {
			isa = PBXGroup;
			children = (
				B5CBA1002068D18A00BC8005 /* Discovery */,
				3BDA29BF207FC20A00E99DE3 /* Share */,
				F26699152066CD3800E3A1F2 /* Comment.swift */,
				F26699142066CD3800E3A1F2 /* Like.swift */,
				F26699192066CD3900E3A1F2 /* Post.swift */,
				F266991A2066CD3900E3A1F2 /* Profile.swift */,
				F26699172066CD3900E3A1F2 /* User.swift */,
			);
			path = Models;
			sourceTree = "<group>";
		};
		F26699232068D47C00E3A1F2 /* Commons */ = {
			isa = PBXGroup;
			children = (
				3BDA29E5207FC2B200E99DE3 /* StringList.swift */,
				F26699242068D47C00E3A1F2 /* Utilities.swift */,
				F26698DD206649D400E3A1F2 /* Constants.swift */,
				F26699252068D47C00E3A1F2 /* Notification+customName.swift */,
				F22650AC20848ACA00D29542 /* Ingredient_list.plist */,
			);
			path = Commons;
			sourceTree = "<group>";
		};
		F266992A2068D75100E3A1F2 /* Storyboards */ = {
			isa = PBXGroup;
			children = (
				F2BE6895205E8C8900DF9694 /* Main.storyboard */,
				F2E373BC20716BE50000F707 /* Home.storyboard */,
				F26699282068D73200E3A1F2 /* Share.storyboard */,
				B5CBA1122069411C00BC8005 /* Discovery.storyboard */,
				3B424B3B2080EF5E00AB90BE /* Profile.storyboard */,
				F2BE689A205E8C8900DF9694 /* LaunchScreen.storyboard */,
			);
			path = Storyboards;
			sourceTree = "<group>";
		};
		F2BE6885205E8C8800DF9694 = {
			isa = PBXGroup;
			children = (
				F2BE6890205E8C8800DF9694 /* DietShare */,
				F2BE68A5205E8C8900DF9694 /* DietShareTests */,
				F2BE68B0205E8C8900DF9694 /* DietShareUITests */,
				F2BE688F205E8C8800DF9694 /* Products */,
				B4D17446E75367AEC9130823 /* Pods */,
				B7DF5A4C3BE7B17C33F67D46 /* Frameworks */,
				B5671A27208292FD007DBF20 /* Recovered References */,
			);
			sourceTree = "<group>";
		};
		F2BE688F205E8C8800DF9694 /* Products */ = {
			isa = PBXGroup;
			children = (
				F2BE688E205E8C8800DF9694 /* DietShare.app */,
				F2BE68A2205E8C8900DF9694 /* DietShareTests.xctest */,
				F2BE68AD205E8C8900DF9694 /* DietShareUITests.xctest */,
			);
			name = Products;
			sourceTree = "<group>";
		};
		F2BE6890205E8C8800DF9694 /* DietShare */ = {
			isa = PBXGroup;
			children = (
				B504C2A4206BBACD007F8956 /* DataSource */,
				F26698DA206571E500E3A1F2 /* Models */,
				F26698D2206417B100E3A1F2 /* Views */,
				F2BE68C5205EB22C00DF9694 /* Controllers */,
				F26699232068D47C00E3A1F2 /* Commons */,
				F266992A2068D75100E3A1F2 /* Storyboards */,
				F2BE6891205E8C8900DF9694 /* AppDelegate.swift */,
				F2BE689D205E8C8900DF9694 /* Info.plist */,
				3B424B3920809F0900AB90BE /* Assets.xcassets */,
			);
			path = DietShare;
			sourceTree = "<group>";
		};
		F2BE68A5205E8C8900DF9694 /* DietShareTests */ = {
			isa = PBXGroup;
			children = (
				F2BE68A6205E8C8900DF9694 /* DietShareTests.swift */,
				F2BE68A8205E8C8900DF9694 /* Info.plist */,
				B5488AEB207325EF00F0E3E8 /* TopicTest.swift */,
				B5281104207BC5FA00CFAB18 /* TopicsLocalDataSourceTest.swift */,
				B5A01CE2207D0C8C00B26CC2 /* RestaurantsLocalDataSourceTest.swift */,
				B5FF15A32080A3CA004F3954 /* RestaurantModelManagerTest.swift */,
			);
			path = DietShareTests;
			sourceTree = "<group>";
		};
		F2BE68B0205E8C8900DF9694 /* DietShareUITests */ = {
			isa = PBXGroup;
			children = (
				F2BE68B1205E8C8900DF9694 /* DietShareUITests.swift */,
				F2BE68B3205E8C8900DF9694 /* Info.plist */,
			);
			path = DietShareUITests;
			sourceTree = "<group>";
		};
		F2BE68C5205EB22C00DF9694 /* Controllers */ = {
			isa = PBXGroup;
			children = (
				F22650AE20863D8E00D29542 /* Discussion */,
				3B37A71A207F7F0B009ED0D3 /* Profile */,
				B5CBA11620694A0700BC8005 /* Discovery */,
				F2E373B220716BBE0000F707 /* Home */,
				F2E373B720716BC90000F707 /* Posts */,
				3BDA29CE207FC24A00E99DE3 /* Share */,
				F207CCA520625A0600EF2904 /* Login */,
			);
			path = Controllers;
			sourceTree = "<group>";
		};
		F2E373B220716BBE0000F707 /* Home */ = {
			isa = PBXGroup;
			children = (
				F2E373B320716BBE0000F707 /* HomeController.swift */,
				F2E373B420716BBE0000F707 /* HomeTabController.swift */,
				3B40BB2520837D4E00323B7D /* MentionedController.swift */,
			);
			path = Home;
			sourceTree = "<group>";
		};
		F2E373B720716BC90000F707 /* Posts */ = {
			isa = PBXGroup;
			children = (
				F2E373B820716BC90000F707 /* PostManager.swift */,
				F2E373B920716BC90000F707 /* PostsTableController.swift */,
				3B18BEDF2074C5A200809D3A /* PostDetailController.swift */,
				3B18BEE52074D97C00809D3A /* PostCellDelegate.swift */,
				3BFE06AF207E475E003F67F7 /* CommentDelegate.swift */,
				3B37A729207F975C009ED0D3 /* ScrollDelegate.swift */,
			);
			path = Posts;
			sourceTree = "<group>";
		};
/* End PBXGroup section */

/* Begin PBXNativeTarget section */
		F2BE688D205E8C8800DF9694 /* DietShare */ = {
			isa = PBXNativeTarget;
			buildConfigurationList = F2BE68B6205E8C8900DF9694 /* Build configuration list for PBXNativeTarget "DietShare" */;
			buildPhases = (
				1CB156739E7140BB7E721B79 /* [CP] Check Pods Manifest.lock */,
				F2BE688A205E8C8800DF9694 /* Sources */,
				F2BE688B205E8C8800DF9694 /* Frameworks */,
				F2BE688C205E8C8800DF9694 /* Resources */,
				F272BF58205EC43A00EBF4A8 /* ShellScript */,
				9E2DCDFC5617F3908C4472DC /* [CP] Embed Pods Frameworks */,
				97BF5551646DD40B3F669993 /* [CP] Copy Pods Resources */,
				B504C2C9206BD1BA007F8956 /* Embed Frameworks */,
			);
			buildRules = (
			);
			dependencies = (
			);
			name = DietShare;
			productName = DietShare;
			productReference = F2BE688E205E8C8800DF9694 /* DietShare.app */;
			productType = "com.apple.product-type.application";
		};
		F2BE68A1205E8C8900DF9694 /* DietShareTests */ = {
			isa = PBXNativeTarget;
			buildConfigurationList = F2BE68B9205E8C8900DF9694 /* Build configuration list for PBXNativeTarget "DietShareTests" */;
			buildPhases = (
				F2BE689E205E8C8900DF9694 /* Sources */,
				F2BE689F205E8C8900DF9694 /* Frameworks */,
				F2BE68A0205E8C8900DF9694 /* Resources */,
			);
			buildRules = (
			);
			dependencies = (
				F2BE68A4205E8C8900DF9694 /* PBXTargetDependency */,
			);
			name = DietShareTests;
			productName = DietShareTests;
			productReference = F2BE68A2205E8C8900DF9694 /* DietShareTests.xctest */;
			productType = "com.apple.product-type.bundle.unit-test";
		};
		F2BE68AC205E8C8900DF9694 /* DietShareUITests */ = {
			isa = PBXNativeTarget;
			buildConfigurationList = F2BE68BC205E8C8900DF9694 /* Build configuration list for PBXNativeTarget "DietShareUITests" */;
			buildPhases = (
				F2BE68A9205E8C8900DF9694 /* Sources */,
				F2BE68AA205E8C8900DF9694 /* Frameworks */,
				F2BE68AB205E8C8900DF9694 /* Resources */,
			);
			buildRules = (
			);
			dependencies = (
				F2BE68AF205E8C8900DF9694 /* PBXTargetDependency */,
			);
			name = DietShareUITests;
			productName = DietShareUITests;
			productReference = F2BE68AD205E8C8900DF9694 /* DietShareUITests.xctest */;
			productType = "com.apple.product-type.bundle.ui-testing";
		};
/* End PBXNativeTarget section */

/* Begin PBXProject section */
		F2BE6886205E8C8800DF9694 /* Project object */ = {
			isa = PBXProject;
			attributes = {
				LastSwiftUpdateCheck = 0920;
				LastUpgradeCheck = 0930;
				ORGANIZATIONNAME = com.marvericks;
				TargetAttributes = {
					F2BE688D205E8C8800DF9694 = {
						CreatedOnToolsVersion = 9.2;
						LastSwiftMigration = 0920;
						ProvisioningStyle = Automatic;
					};
					F2BE68A1205E8C8900DF9694 = {
						CreatedOnToolsVersion = 9.2;
						ProvisioningStyle = Automatic;
						TestTargetID = F2BE688D205E8C8800DF9694;
					};
					F2BE68AC205E8C8900DF9694 = {
						CreatedOnToolsVersion = 9.2;
						ProvisioningStyle = Automatic;
						TestTargetID = F2BE688D205E8C8800DF9694;
					};
				};
			};
			buildConfigurationList = F2BE6889205E8C8800DF9694 /* Build configuration list for PBXProject "DietShare" */;
			compatibilityVersion = "Xcode 8.0";
			developmentRegion = en;
			hasScannedForEncodings = 0;
			knownRegions = (
				en,
				Base,
			);
			mainGroup = F2BE6885205E8C8800DF9694;
			productRefGroup = F2BE688F205E8C8800DF9694 /* Products */;
			projectDirPath = "";
			projectRoot = "";
			targets = (
				F2BE688D205E8C8800DF9694 /* DietShare */,
				F2BE68A1205E8C8900DF9694 /* DietShareTests */,
				F2BE68AC205E8C8900DF9694 /* DietShareUITests */,
			);
		};
/* End PBXProject section */

/* Begin PBXResourcesBuildPhase section */
		F2BE688C205E8C8800DF9694 /* Resources */ = {
			isa = PBXResourcesBuildPhase;
			buildActionMask = 2147483647;
			files = (
				B5671A2820829479007DBF20 /* IngredientPopup.xib in Resources */,
				B5CBA1132069411C00BC8005 /* Discovery.storyboard in Resources */,
				F2E373BD20716BE50000F707 /* Home.storyboard in Resources */,
				B5EE1DB02084F57F00098E9B /* RestaurantFullListCell.xib in Resources */,
				3BDA29FC207FC2CD00E99DE3 /* IngredientDropDownCell.xib in Resources */,
				F2BE689C205E8C8900DF9694 /* LaunchScreen.storyboard in Resources */,
				3BDA2A31207FCBD500E99DE3 /* UserCell.xib in Resources */,
				3BDA2A33207FCBD500E99DE3 /* PostCell.xib in Resources */,
				3BDA2A34207FCBD500E99DE3 /* PostDetail.xib in Resources */,
				3BDA2A39207FCBD500E99DE3 /* TopicCell.xib in Resources */,
				3BDA2A36207FCBD500E99DE3 /* TextField.xib in Resources */,
				3B37A717207F782E009ED0D3 /* Profile.xib in Resources */,
				3B424B3C2080EF5E00AB90BE /* Profile.storyboard in Resources */,
				F26699292068D73200E3A1F2 /* Share.storyboard in Resources */,
				B5671A252082857A007DBF20 /* CuisineTypeCell.xib in Resources */,
				3BDA2A01207FC2CD00E99DE3 /* NutritionSticker.xib in Resources */,
				3B424B3A20809F0C00AB90BE /* Assets.xcassets in Resources */,
				3BDA2A04207FC2CD00E99DE3 /* TextColorCell.xib in Resources */,
				F2BE6897205E8C8900DF9694 /* Main.storyboard in Resources */,
				3BDA2A35207FCBD500E99DE3 /* PostsTable.xib in Resources */,
				3BDA2A2F207FCBD500E99DE3 /* CommentCell.xib in Resources */,
				3BDA29F8207FC2CD00E99DE3 /* FloatingTextInputPopup.xib in Resources */,
				F22650AD20848ACA00D29542 /* Ingredient_list.plist in Resources */,
			);
			runOnlyForDeploymentPostprocessing = 0;
		};
		F2BE68A0205E8C8900DF9694 /* Resources */ = {
			isa = PBXResourcesBuildPhase;
			buildActionMask = 2147483647;
			files = (
			);
			runOnlyForDeploymentPostprocessing = 0;
		};
		F2BE68AB205E8C8900DF9694 /* Resources */ = {
			isa = PBXResourcesBuildPhase;
			buildActionMask = 2147483647;
			files = (
			);
			runOnlyForDeploymentPostprocessing = 0;
		};
/* End PBXResourcesBuildPhase section */

/* Begin PBXShellScriptBuildPhase section */
		1CB156739E7140BB7E721B79 /* [CP] Check Pods Manifest.lock */ = {
			isa = PBXShellScriptBuildPhase;
			buildActionMask = 2147483647;
			files = (
			);
			inputPaths = (
				"${PODS_PODFILE_DIR_PATH}/Podfile.lock",
				"${PODS_ROOT}/Manifest.lock",
			);
			name = "[CP] Check Pods Manifest.lock";
			outputPaths = (
				"$(DERIVED_FILE_DIR)/Pods-DietShare-checkManifestLockResult.txt",
			);
			runOnlyForDeploymentPostprocessing = 0;
			shellPath = /bin/sh;
			shellScript = "diff \"${PODS_PODFILE_DIR_PATH}/Podfile.lock\" \"${PODS_ROOT}/Manifest.lock\" > /dev/null\nif [ $? != 0 ] ; then\n    # print error to STDERR\n    echo \"error: The sandbox is not in sync with the Podfile.lock. Run 'pod install' or update your CocoaPods installation.\" >&2\n    exit 1\nfi\n# This output is used by Xcode 'outputs' to avoid re-running this script phase.\necho \"SUCCESS\" > \"${SCRIPT_OUTPUT_FILE_0}\"\n";
			showEnvVarsInLog = 0;
		};
		97BF5551646DD40B3F669993 /* [CP] Copy Pods Resources */ = {
			isa = PBXShellScriptBuildPhase;
			buildActionMask = 2147483647;
			files = (
			);
			inputPaths = (
				"${SRCROOT}/Pods/Target Support Files/Pods-DietShare/Pods-DietShare-resources.sh",
				"${PODS_ROOT}/GoogleMaps/Maps/Frameworks/GoogleMaps.framework/Resources/GoogleMaps.bundle",
				"${PODS_ROOT}/GooglePlacePicker/Frameworks/GooglePlacePicker.framework/Resources/GooglePlacePicker.bundle",
				"${PODS_ROOT}/GooglePlaces/Frameworks/GooglePlaces.framework/Resources/GooglePlaces.bundle",
			);
			name = "[CP] Copy Pods Resources";
			outputPaths = (
				"${TARGET_BUILD_DIR}/${UNLOCALIZED_RESOURCES_FOLDER_PATH}/GoogleMaps.bundle",
				"${TARGET_BUILD_DIR}/${UNLOCALIZED_RESOURCES_FOLDER_PATH}/GooglePlacePicker.bundle",
				"${TARGET_BUILD_DIR}/${UNLOCALIZED_RESOURCES_FOLDER_PATH}/GooglePlaces.bundle",
			);
			runOnlyForDeploymentPostprocessing = 0;
			shellPath = /bin/sh;
			shellScript = "\"${SRCROOT}/Pods/Target Support Files/Pods-DietShare/Pods-DietShare-resources.sh\"\n";
			showEnvVarsInLog = 0;
		};
		9E2DCDFC5617F3908C4472DC /* [CP] Embed Pods Frameworks */ = {
			isa = PBXShellScriptBuildPhase;
			buildActionMask = 2147483647;
			files = (
			);
			inputPaths = (
				"${SRCROOT}/Pods/Target Support Files/Pods-DietShare/Pods-DietShare-frameworks.sh",
				"${BUILT_PRODUCTS_DIR}/Alamofire/Alamofire.framework",
				"${BUILT_PRODUCTS_DIR}/BTree/BTree.framework",
				"${BUILT_PRODUCTS_DIR}/Bolts/Bolts.framework",
				"${BUILT_PRODUCTS_DIR}/Cosmos/Cosmos.framework",
				"${BUILT_PRODUCTS_DIR}/DKImagePickerController/DKImagePickerController.framework",
				"${BUILT_PRODUCTS_DIR}/DropDown/DropDown.framework",
				"${BUILT_PRODUCTS_DIR}/DynamicBlurView/DynamicBlurView.framework",
				"${BUILT_PRODUCTS_DIR}/FBSDKCoreKit/FBSDKCoreKit.framework",
				"${BUILT_PRODUCTS_DIR}/FBSDKLoginKit/FBSDKLoginKit.framework",
				"${BUILT_PRODUCTS_DIR}/FBSDKShareKit/FBSDKShareKit.framework",
				"${BUILT_PRODUCTS_DIR}/FacebookCore/FacebookCore.framework",
				"${BUILT_PRODUCTS_DIR}/FacebookLogin/FacebookLogin.framework",
				"${BUILT_PRODUCTS_DIR}/FacebookShare/FacebookShare.framework",
				"${BUILT_PRODUCTS_DIR}/FormValidatorSwift/FormValidatorSwift.framework",
				"${BUILT_PRODUCTS_DIR}/LinearProgressView/LinearProgressView.framework",
				"${BUILT_PRODUCTS_DIR}/NVActivityIndicatorView/NVActivityIndicatorView.framework",
				"${BUILT_PRODUCTS_DIR}/PopupDialog/PopupDialog.framework",
				"${BUILT_PRODUCTS_DIR}/Presentr/Presentr.framework",
				"${BUILT_PRODUCTS_DIR}/SQLite.swift/SQLite.framework",
				"${BUILT_PRODUCTS_DIR}/ScrollingStackContainer/ScrollingStackContainer.framework",
				"${BUILT_PRODUCTS_DIR}/SwiftMessages/SwiftMessages.framework",
				"${BUILT_PRODUCTS_DIR}/SwiftyJSON/SwiftyJSON.framework",
				"${BUILT_PRODUCTS_DIR}/TGCameraViewController/TGCameraViewController.framework",
				"${BUILT_PRODUCTS_DIR}/TagListView/TagListView.framework",
			);
			name = "[CP] Embed Pods Frameworks";
			outputPaths = (
				"${TARGET_BUILD_DIR}/${FRAMEWORKS_FOLDER_PATH}/Alamofire.framework",
				"${TARGET_BUILD_DIR}/${FRAMEWORKS_FOLDER_PATH}/BTree.framework",
				"${TARGET_BUILD_DIR}/${FRAMEWORKS_FOLDER_PATH}/Bolts.framework",
				"${TARGET_BUILD_DIR}/${FRAMEWORKS_FOLDER_PATH}/Cosmos.framework",
				"${TARGET_BUILD_DIR}/${FRAMEWORKS_FOLDER_PATH}/DKImagePickerController.framework",
				"${TARGET_BUILD_DIR}/${FRAMEWORKS_FOLDER_PATH}/DropDown.framework",
				"${TARGET_BUILD_DIR}/${FRAMEWORKS_FOLDER_PATH}/DynamicBlurView.framework",
				"${TARGET_BUILD_DIR}/${FRAMEWORKS_FOLDER_PATH}/FBSDKCoreKit.framework",
				"${TARGET_BUILD_DIR}/${FRAMEWORKS_FOLDER_PATH}/FBSDKLoginKit.framework",
				"${TARGET_BUILD_DIR}/${FRAMEWORKS_FOLDER_PATH}/FBSDKShareKit.framework",
				"${TARGET_BUILD_DIR}/${FRAMEWORKS_FOLDER_PATH}/FacebookCore.framework",
				"${TARGET_BUILD_DIR}/${FRAMEWORKS_FOLDER_PATH}/FacebookLogin.framework",
				"${TARGET_BUILD_DIR}/${FRAMEWORKS_FOLDER_PATH}/FacebookShare.framework",
				"${TARGET_BUILD_DIR}/${FRAMEWORKS_FOLDER_PATH}/FormValidatorSwift.framework",
				"${TARGET_BUILD_DIR}/${FRAMEWORKS_FOLDER_PATH}/LinearProgressView.framework",
				"${TARGET_BUILD_DIR}/${FRAMEWORKS_FOLDER_PATH}/NVActivityIndicatorView.framework",
				"${TARGET_BUILD_DIR}/${FRAMEWORKS_FOLDER_PATH}/PopupDialog.framework",
				"${TARGET_BUILD_DIR}/${FRAMEWORKS_FOLDER_PATH}/Presentr.framework",
				"${TARGET_BUILD_DIR}/${FRAMEWORKS_FOLDER_PATH}/SQLite.framework",
				"${TARGET_BUILD_DIR}/${FRAMEWORKS_FOLDER_PATH}/ScrollingStackContainer.framework",
				"${TARGET_BUILD_DIR}/${FRAMEWORKS_FOLDER_PATH}/SwiftMessages.framework",
				"${TARGET_BUILD_DIR}/${FRAMEWORKS_FOLDER_PATH}/SwiftyJSON.framework",
				"${TARGET_BUILD_DIR}/${FRAMEWORKS_FOLDER_PATH}/TGCameraViewController.framework",
				"${TARGET_BUILD_DIR}/${FRAMEWORKS_FOLDER_PATH}/TagListView.framework",
			);
			runOnlyForDeploymentPostprocessing = 0;
			shellPath = /bin/sh;
			shellScript = "\"${SRCROOT}/Pods/Target Support Files/Pods-DietShare/Pods-DietShare-frameworks.sh\"\n";
			showEnvVarsInLog = 0;
		};
		F272BF58205EC43A00EBF4A8 /* ShellScript */ = {
			isa = PBXShellScriptBuildPhase;
			buildActionMask = 2147483647;
			files = (
			);
			inputPaths = (
			);
			outputPaths = (
			);
			runOnlyForDeploymentPostprocessing = 0;
			shellPath = /bin/sh;
			shellScript = "if which swiftlint >/dev/null; then\nswiftlint\nelse\necho \"warning: SwiftLint not installed, download from https://github.com/realm/SwiftLint\"\nfi";
		};
/* End PBXShellScriptBuildPhase section */

/* Begin PBXSourcesBuildPhase section */
		F2BE688A205E8C8800DF9694 /* Sources */ = {
			isa = PBXSourcesBuildPhase;
			buildActionMask = 2147483647;
			files = (
				B5E7ABAE2074A7C4003FAB99 /* (null) in Sources */,
				B525A13A208261D7003AF5D0 /* RatingList.swift in Sources */,
				B5671A2320828477007DBF20 /* CuisineTypeCell.swift in Sources */,
				3B37A71C207F7F29009ED0D3 /* ProfileTabController.swift in Sources */,
				3BDA2A20207FCB2700E99DE3 /* UserModelManager.swift in Sources */,
				3BDA29C9207FC20A00E99DE3 /* Ingredient.swift in Sources */,
				B5E7ABAD2074A7AF003FAB99 /* ReadOnlyTopic.swift in Sources */,
				B5E7ABAC2074A7A2003FAB99 /* Topic.swift in Sources */,
				3BDA29CC207FC20A00E99DE3 /* StoredLayout.swift in Sources */,
				3BDA29DE207FC24A00E99DE3 /* PhotoModifierController.swift in Sources */,
				B504C2A6206BBB08007F8956 /* TopicsDataSource.swift in Sources */,
				B5CBA179206A82FC00BC8005 /* FollowerListCell.swift in Sources */,
				B5CBA171206A444300BC8005 /* TopicsModelManager.swift in Sources */,
				3B424B4220810B0F00AB90BE /* EditFieldController.swift in Sources */,
				3BDA29E0207FC24A00E99DE3 /* ShareTabController.swift in Sources */,
				F22650B020863DB300D29542 /* DiscussionTabController.swift in Sources */,
				B5CBA1112069227E00BC8005 /* ReadOnlyRestaurant.swift in Sources */,
				3BDA29CA207FC20A00E99DE3 /* ShareState.swift in Sources */,
				3B0834EC20827535009A45E3 /* FloatingTextInfo.swift in Sources */,
				3B0834E8208274E3009A45E3 /* RestaurantListController.swift in Sources */,
				B504C2D1206D133E007F8956 /* RestaurantLocalDataSource.swift in Sources */,
				3B0834EA208274ED009A45E3 /* TopicListController.swift in Sources */,
				F26698DE206649D400E3A1F2 /* Constants.swift in Sources */,
				3BDA29E6207FC2B200E99DE3 /* StringList.swift in Sources */,
				3BDA29E2207FC28600E99DE3 /* UsersDataSource.swift in Sources */,
				F2E373B520716BBE0000F707 /* HomeController.swift in Sources */,
				3B0834DE208255ED009A45E3 /* TopicTableCell.swift in Sources */,
				3B40BB2620837D4E00323B7D /* MentionedController.swift in Sources */,
				3BDA2A03207FC2CD00E99DE3 /* TextColorCell.swift in Sources */,
				3BDA2A05207FC2CD00E99DE3 /* TextPreviewCell.swift in Sources */,
				3BDA29D8207FC24A00E99DE3 /* CameraHandler.swift in Sources */,
				F2E373B620716BBE0000F707 /* HomeTabController.swift in Sources */,
				F2BE6894205E8C8900DF9694 /* SignInController.swift in Sources */,
				3BDA29DB207FC24A00E99DE3 /* FoodSelectController.swift in Sources */,
				B504C2D3206D1BB5007F8956 /* Rating.swift in Sources */,
				3BDA29DA207FC24A00E99DE3 /* FoodAdderController.swift in Sources */,
				3BDA29C7207FC20A00E99DE3 /* CollageLayout.swift in Sources */,
				B5CBA175206A7A7C00BC8005 /* TopicListViewController.swift in Sources */,
				3B0834F420827B9B009A45E3 /* UserListController.swift in Sources */,
				B5488AEE2073AFA900F0E3E8 /* RestaurantShortListCell.swift in Sources */,
				B5CBA16F206A3F5600BC8005 /* TopicShortListCell.swift in Sources */,
				3BDA2A32207FCBD500E99DE3 /* PostCell.swift in Sources */,
				F2E373BA20716BC90000F707 /* PostManager.swift in Sources */,
				3BFE06B0207E475E003F67F7 /* CommentDelegate.swift in Sources */,
				B5EE1DAA2083BC0F00098E9B /* CustomMarkerView.swift in Sources */,
				3B18BEE62074D97C00809D3A /* PostCellDelegate.swift in Sources */,
				F2BE6892205E8C8900DF9694 /* AppDelegate.swift in Sources */,
				B5CBA16C206A396A00BC8005 /* DiscoveryTabController.swift in Sources */,
				3B0834F22082756E009A45E3 /* PublishTopicCell.swift in Sources */,
				F26699262068D47D00E3A1F2 /* Utilities.swift in Sources */,
				B5CBA173206A79DC00BC8005 /* TopicFullListCell.swift in Sources */,
				F26699272068D47D00E3A1F2 /* Notification+customName.swift in Sources */,
				B504C2A8206BBCD3007F8956 /* TopicsLocalDataSource.swift in Sources */,
				3B37A72A207F975C009ED0D3 /* ScrollDelegate.swift in Sources */,
				3B424B3E2080FBAE00AB90BE /* ProfileEditor.swift in Sources */,
				F26699212066CD3900E3A1F2 /* Profile.swift in Sources */,
				3BDA2A38207FCBD500E99DE3 /* TopicCell.swift in Sources */,
				F266991B2066CD3900E3A1F2 /* Like.swift in Sources */,
				3BDA2A37207FCBD500E99DE3 /* TextFieldController.swift in Sources */,
				3B424B402081038300AB90BE /* EditCell.swift in Sources */,
				B504C2CF206D1234007F8956 /* RestaurantsDataSource.swift in Sources */,
				3B0834E2208274BC009A45E3 /* FloatingTextInputController.swift in Sources */,
				3BDA29DD207FC24A00E99DE3 /* LayoutPhotoSelectorController.swift in Sources */,
				3BDA2A2E207FCBD500E99DE3 /* CommentCell.swift in Sources */,
				3BDA29FB207FC2CD00E99DE3 /* IngredientDropDownCell.swift in Sources */,
				3BDA29DC207FC24A00E99DE3 /* IngredientPopupController.swift in Sources */,
				B504C2CD206D0EF6007F8956 /* RestaurantsModelManager.swift in Sources */,
				F266991C2066CD3900E3A1F2 /* Comment.swift in Sources */,
				3B0834EE2082755F009A45E3 /* NutritionSticker.swift in Sources */,
				3BDA29FA207FC2CD00E99DE3 /* IngredientCell.swift in Sources */,
				3BDA29CD207FC20A00E99DE3 /* StoredSticker.swift in Sources */,
				B5388AB7207496030062E6E9 /* RestaurantFullListCell.swift in Sources */,
				B5388AAD207495700062E6E9 /* RestaurantListViewController.swift in Sources */,
				F266991E2066CD3900E3A1F2 /* User.swift in Sources */,
				3BDA29FE207FC2CD00E99DE3 /* LayoutPhotoPreviewCell.swift in Sources */,
				3BDA29CB207FC20A00E99DE3 /* StickerLayout.swift in Sources */,
				3BDA29D9207FC24A00E99DE3 /* FloatingContentAdderController.swift in Sources */,
				3BDA2A30207FCBD500E99DE3 /* UserCell.swift in Sources */,
				F2E373BB20716BC90000F707 /* PostsTableController.swift in Sources */,
				3BDA2A00207FC2CD00E99DE3 /* LayoutPhotoSelectorUIDelegate.swift in Sources */,
				6AFF2F5E2084A60F0018DD84 /* RawIngredient.swift in Sources */,
				F2BE68C7205EB56100DF9694 /* SignUpController.swift in Sources */,
				3B0834E4208274D0009A45E3 /* PublisherController.swift in Sources */,
				B5CBA10F2069226600BC8005 /* Restaurant.swift in Sources */,
				B5388AB5207495B40062E6E9 /* RestaurantViewController.swift in Sources */,
				F26699202066CD3900E3A1F2 /* Post.swift in Sources */,
				3BDA29DF207FC24A00E99DE3 /* PhotoUploaderViewController.swift in Sources */,
				B5EE1DA82083BBED00098E9B /* MapViewController.swift in Sources */,
				B5CBA115206949FA00BC8005 /* DiscoverPageViewController.swift in Sources */,
				3B18BEE02074C5A200809D3A /* PostDetailController.swift in Sources */,
				3BDA2A02207FC2CD00E99DE3 /* PhotoOptionCell.swift in Sources */,
				3B0834F020827568009A45E3 /* PublishRestaurantCell.swift in Sources */,
				B504C2A3206BB6B9007F8956 /* TopicViewController.swift in Sources */,
				3BDA29F9207FC2CD00E99DE3 /* FoodCell.swift in Sources */,
				3B40BB282083803600323B7D /* MentionedCell.swift in Sources */,
				3BDA29C8207FC20A00E99DE3 /* Food.swift in Sources */,
				3BDA29E4207FC28C00E99DE3 /* UsersLocalDataSource.swift in Sources */,
				3B37A724207F8083009ED0D3 /* ProfileController.swift in Sources */,
				3B0834E6208274DA009A45E3 /* PublishManager.swift in Sources */,
				3BDA29FF207FC2CD00E99DE3 /* LayoutPhotoSelectorCell.swift in Sources */,
			);
			runOnlyForDeploymentPostprocessing = 0;
		};
		F2BE689E205E8C8900DF9694 /* Sources */ = {
			isa = PBXSourcesBuildPhase;
			buildActionMask = 2147483647;
			files = (
				F2BE68A7205E8C8900DF9694 /* DietShareTests.swift in Sources */,
				B5A01CE3207D0C8C00B26CC2 /* RestaurantsLocalDataSourceTest.swift in Sources */,
				B5281105207BC5FA00CFAB18 /* TopicsLocalDataSourceTest.swift in Sources */,
				B5488AEC207325EF00F0E3E8 /* TopicTest.swift in Sources */,
				B5FF15A42080A3CA004F3954 /* RestaurantModelManagerTest.swift in Sources */,
			);
			runOnlyForDeploymentPostprocessing = 0;
		};
		F2BE68A9205E8C8900DF9694 /* Sources */ = {
			isa = PBXSourcesBuildPhase;
			buildActionMask = 2147483647;
			files = (
				F2BE68B2205E8C8900DF9694 /* DietShareUITests.swift in Sources */,
			);
			runOnlyForDeploymentPostprocessing = 0;
		};
/* End PBXSourcesBuildPhase section */

/* Begin PBXTargetDependency section */
		F2BE68A4205E8C8900DF9694 /* PBXTargetDependency */ = {
			isa = PBXTargetDependency;
			target = F2BE688D205E8C8800DF9694 /* DietShare */;
			targetProxy = F2BE68A3205E8C8900DF9694 /* PBXContainerItemProxy */;
		};
		F2BE68AF205E8C8900DF9694 /* PBXTargetDependency */ = {
			isa = PBXTargetDependency;
			target = F2BE688D205E8C8800DF9694 /* DietShare */;
			targetProxy = F2BE68AE205E8C8900DF9694 /* PBXContainerItemProxy */;
		};
/* End PBXTargetDependency section */

/* Begin PBXVariantGroup section */
		F2BE6895205E8C8900DF9694 /* Main.storyboard */ = {
			isa = PBXVariantGroup;
			children = (
				F2BE6896205E8C8900DF9694 /* Base */,
			);
			name = Main.storyboard;
			sourceTree = "<group>";
		};
		F2BE689A205E8C8900DF9694 /* LaunchScreen.storyboard */ = {
			isa = PBXVariantGroup;
			children = (
				F2BE689B205E8C8900DF9694 /* Base */,
			);
			name = LaunchScreen.storyboard;
			sourceTree = "<group>";
		};
/* End PBXVariantGroup section */

/* Begin XCBuildConfiguration section */
		F2BE68B4205E8C8900DF9694 /* Debug */ = {
			isa = XCBuildConfiguration;
			buildSettings = {
				ALWAYS_SEARCH_USER_PATHS = NO;
				CLANG_ANALYZER_NONNULL = YES;
				CLANG_ANALYZER_NUMBER_OBJECT_CONVERSION = YES_AGGRESSIVE;
				CLANG_CXX_LANGUAGE_STANDARD = "gnu++14";
				CLANG_CXX_LIBRARY = "libc++";
				CLANG_ENABLE_MODULES = YES;
				CLANG_ENABLE_OBJC_ARC = YES;
				CLANG_WARN_BLOCK_CAPTURE_AUTORELEASING = YES;
				CLANG_WARN_BOOL_CONVERSION = YES;
				CLANG_WARN_COMMA = YES;
				CLANG_WARN_CONSTANT_CONVERSION = YES;
				CLANG_WARN_DEPRECATED_OBJC_IMPLEMENTATIONS = YES;
				CLANG_WARN_DIRECT_OBJC_ISA_USAGE = YES_ERROR;
				CLANG_WARN_DOCUMENTATION_COMMENTS = YES;
				CLANG_WARN_EMPTY_BODY = YES;
				CLANG_WARN_ENUM_CONVERSION = YES;
				CLANG_WARN_INFINITE_RECURSION = YES;
				CLANG_WARN_INT_CONVERSION = YES;
				CLANG_WARN_NON_LITERAL_NULL_CONVERSION = YES;
				CLANG_WARN_OBJC_IMPLICIT_RETAIN_SELF = YES;
				CLANG_WARN_OBJC_LITERAL_CONVERSION = YES;
				CLANG_WARN_OBJC_ROOT_CLASS = YES_ERROR;
				CLANG_WARN_RANGE_LOOP_ANALYSIS = YES;
				CLANG_WARN_STRICT_PROTOTYPES = YES;
				CLANG_WARN_SUSPICIOUS_MOVE = YES;
				CLANG_WARN_UNGUARDED_AVAILABILITY = YES_AGGRESSIVE;
				CLANG_WARN_UNREACHABLE_CODE = YES;
				CLANG_WARN__DUPLICATE_METHOD_MATCH = YES;
				CODE_SIGN_IDENTITY = "iPhone Developer";
				COPY_PHASE_STRIP = NO;
				DEBUG_INFORMATION_FORMAT = dwarf;
				ENABLE_STRICT_OBJC_MSGSEND = YES;
				ENABLE_TESTABILITY = YES;
				GCC_C_LANGUAGE_STANDARD = gnu11;
				GCC_DYNAMIC_NO_PIC = NO;
				GCC_NO_COMMON_BLOCKS = YES;
				GCC_OPTIMIZATION_LEVEL = 0;
				GCC_PREPROCESSOR_DEFINITIONS = (
					"DEBUG=1",
					"$(inherited)",
				);
				GCC_WARN_64_TO_32_BIT_CONVERSION = YES;
				GCC_WARN_ABOUT_RETURN_TYPE = YES_ERROR;
				GCC_WARN_UNDECLARED_SELECTOR = YES;
				GCC_WARN_UNINITIALIZED_AUTOS = YES_AGGRESSIVE;
				GCC_WARN_UNUSED_FUNCTION = YES;
				GCC_WARN_UNUSED_VARIABLE = YES;
				IPHONEOS_DEPLOYMENT_TARGET = 11.2;
				MTL_ENABLE_DEBUG_INFO = YES;
				ONLY_ACTIVE_ARCH = YES;
				SDKROOT = iphoneos;
				SWIFT_ACTIVE_COMPILATION_CONDITIONS = DEBUG;
				SWIFT_OPTIMIZATION_LEVEL = "-Onone";
			};
			name = Debug;
		};
		F2BE68B5205E8C8900DF9694 /* Release */ = {
			isa = XCBuildConfiguration;
			buildSettings = {
				ALWAYS_SEARCH_USER_PATHS = NO;
				CLANG_ANALYZER_NONNULL = YES;
				CLANG_ANALYZER_NUMBER_OBJECT_CONVERSION = YES_AGGRESSIVE;
				CLANG_CXX_LANGUAGE_STANDARD = "gnu++14";
				CLANG_CXX_LIBRARY = "libc++";
				CLANG_ENABLE_MODULES = YES;
				CLANG_ENABLE_OBJC_ARC = YES;
				CLANG_WARN_BLOCK_CAPTURE_AUTORELEASING = YES;
				CLANG_WARN_BOOL_CONVERSION = YES;
				CLANG_WARN_COMMA = YES;
				CLANG_WARN_CONSTANT_CONVERSION = YES;
				CLANG_WARN_DEPRECATED_OBJC_IMPLEMENTATIONS = YES;
				CLANG_WARN_DIRECT_OBJC_ISA_USAGE = YES_ERROR;
				CLANG_WARN_DOCUMENTATION_COMMENTS = YES;
				CLANG_WARN_EMPTY_BODY = YES;
				CLANG_WARN_ENUM_CONVERSION = YES;
				CLANG_WARN_INFINITE_RECURSION = YES;
				CLANG_WARN_INT_CONVERSION = YES;
				CLANG_WARN_NON_LITERAL_NULL_CONVERSION = YES;
				CLANG_WARN_OBJC_IMPLICIT_RETAIN_SELF = YES;
				CLANG_WARN_OBJC_LITERAL_CONVERSION = YES;
				CLANG_WARN_OBJC_ROOT_CLASS = YES_ERROR;
				CLANG_WARN_RANGE_LOOP_ANALYSIS = YES;
				CLANG_WARN_STRICT_PROTOTYPES = YES;
				CLANG_WARN_SUSPICIOUS_MOVE = YES;
				CLANG_WARN_UNGUARDED_AVAILABILITY = YES_AGGRESSIVE;
				CLANG_WARN_UNREACHABLE_CODE = YES;
				CLANG_WARN__DUPLICATE_METHOD_MATCH = YES;
				CODE_SIGN_IDENTITY = "iPhone Developer";
				COPY_PHASE_STRIP = NO;
				DEBUG_INFORMATION_FORMAT = "dwarf-with-dsym";
				ENABLE_NS_ASSERTIONS = NO;
				ENABLE_STRICT_OBJC_MSGSEND = YES;
				GCC_C_LANGUAGE_STANDARD = gnu11;
				GCC_NO_COMMON_BLOCKS = YES;
				GCC_WARN_64_TO_32_BIT_CONVERSION = YES;
				GCC_WARN_ABOUT_RETURN_TYPE = YES_ERROR;
				GCC_WARN_UNDECLARED_SELECTOR = YES;
				GCC_WARN_UNINITIALIZED_AUTOS = YES_AGGRESSIVE;
				GCC_WARN_UNUSED_FUNCTION = YES;
				GCC_WARN_UNUSED_VARIABLE = YES;
				IPHONEOS_DEPLOYMENT_TARGET = 11.2;
				MTL_ENABLE_DEBUG_INFO = NO;
				SDKROOT = iphoneos;
				SWIFT_OPTIMIZATION_LEVEL = "-Owholemodule";
				VALIDATE_PRODUCT = YES;
			};
			name = Release;
		};
		F2BE68B7205E8C8900DF9694 /* Debug */ = {
			isa = XCBuildConfiguration;
			baseConfigurationReference = 48C85D3A73B7A4072A41F30B /* Pods-DietShare.debug.xcconfig */;
			buildSettings = {
				ALWAYS_EMBED_SWIFT_STANDARD_LIBRARIES = YES;
				ASSETCATALOG_COMPILER_APPICON_NAME = AppIcon;
				CLANG_ENABLE_MODULES = YES;
				"CODE_SIGN_IDENTITY[sdk=iphoneos*]" = "iPhone Developer";
				CODE_SIGN_STYLE = Automatic;
				DEVELOPMENT_TEAM = HUP9SH4Z74;
				INFOPLIST_FILE = DietShare/Info.plist;
				IPHONEOS_DEPLOYMENT_TARGET = 9.0;
				LD_RUNPATH_SEARCH_PATHS = "$(inherited) @executable_path/Frameworks";
				PRODUCT_BUNDLE_IDENTIFIER = com.cs3217.DietShareF;
				PRODUCT_NAME = "$(TARGET_NAME)";
				PROVISIONING_PROFILE = "";
				PROVISIONING_PROFILE_SPECIFIER = "";
				SWIFT_OPTIMIZATION_LEVEL = "-Onone";
				SWIFT_VERSION = 4.0;
				TARGETED_DEVICE_FAMILY = 1;
			};
			name = Debug;
		};
		F2BE68B8205E8C8900DF9694 /* Release */ = {
			isa = XCBuildConfiguration;
			baseConfigurationReference = 5428D376C75B830054E39644 /* Pods-DietShare.release.xcconfig */;
			buildSettings = {
				ALWAYS_EMBED_SWIFT_STANDARD_LIBRARIES = YES;
				ASSETCATALOG_COMPILER_APPICON_NAME = AppIcon;
				CLANG_ENABLE_MODULES = YES;
				"CODE_SIGN_IDENTITY[sdk=iphoneos*]" = "iPhone Developer";
				CODE_SIGN_STYLE = Automatic;
				DEVELOPMENT_TEAM = HUP9SH4Z74;
				INFOPLIST_FILE = DietShare/Info.plist;
				IPHONEOS_DEPLOYMENT_TARGET = 9.0;
				LD_RUNPATH_SEARCH_PATHS = "$(inherited) @executable_path/Frameworks";
				PRODUCT_BUNDLE_IDENTIFIER = com.cs3217.DietShareF;
				PRODUCT_NAME = "$(TARGET_NAME)";
				PROVISIONING_PROFILE = "";
				PROVISIONING_PROFILE_SPECIFIER = "";
				SWIFT_VERSION = 4.0;
				TARGETED_DEVICE_FAMILY = 1;
			};
			name = Release;
		};
		F2BE68BA205E8C8900DF9694 /* Debug */ = {
			isa = XCBuildConfiguration;
			buildSettings = {
				ALWAYS_EMBED_SWIFT_STANDARD_LIBRARIES = YES;
				BUNDLE_LOADER = "$(TEST_HOST)";
				CODE_SIGN_STYLE = Automatic;
				DEVELOPMENT_TEAM = F2PAHXG9P5;
				INFOPLIST_FILE = DietShareTests/Info.plist;
				LD_RUNPATH_SEARCH_PATHS = "$(inherited) @executable_path/Frameworks @loader_path/Frameworks";
				PRODUCT_BUNDLE_IDENTIFIER = com.marvericks.DietShareTests;
				PRODUCT_NAME = "$(TARGET_NAME)";
				SWIFT_VERSION = 4.0;
				TARGETED_DEVICE_FAMILY = "1,2";
				TEST_HOST = "$(BUILT_PRODUCTS_DIR)/DietShare.app/DietShare";
			};
			name = Debug;
		};
		F2BE68BB205E8C8900DF9694 /* Release */ = {
			isa = XCBuildConfiguration;
			buildSettings = {
				ALWAYS_EMBED_SWIFT_STANDARD_LIBRARIES = YES;
				BUNDLE_LOADER = "$(TEST_HOST)";
				CODE_SIGN_STYLE = Automatic;
				DEVELOPMENT_TEAM = F2PAHXG9P5;
				INFOPLIST_FILE = DietShareTests/Info.plist;
				LD_RUNPATH_SEARCH_PATHS = "$(inherited) @executable_path/Frameworks @loader_path/Frameworks";
				PRODUCT_BUNDLE_IDENTIFIER = com.marvericks.DietShareTests;
				PRODUCT_NAME = "$(TARGET_NAME)";
				SWIFT_VERSION = 4.0;
				TARGETED_DEVICE_FAMILY = "1,2";
				TEST_HOST = "$(BUILT_PRODUCTS_DIR)/DietShare.app/DietShare";
			};
			name = Release;
		};
		F2BE68BD205E8C8900DF9694 /* Debug */ = {
			isa = XCBuildConfiguration;
			buildSettings = {
				ALWAYS_EMBED_SWIFT_STANDARD_LIBRARIES = YES;
				CODE_SIGN_STYLE = Automatic;
				DEVELOPMENT_TEAM = HUP9SH4Z74;
				INFOPLIST_FILE = DietShareUITests/Info.plist;
				LD_RUNPATH_SEARCH_PATHS = "$(inherited) @executable_path/Frameworks @loader_path/Frameworks";
				PRODUCT_BUNDLE_IDENTIFIER = com.marvericks.DietShareUITests;
				PRODUCT_NAME = "$(TARGET_NAME)";
				SWIFT_VERSION = 4.0;
				TARGETED_DEVICE_FAMILY = "1,2";
				TEST_TARGET_NAME = DietShare;
			};
			name = Debug;
		};
		F2BE68BE205E8C8900DF9694 /* Release */ = {
			isa = XCBuildConfiguration;
			buildSettings = {
				ALWAYS_EMBED_SWIFT_STANDARD_LIBRARIES = YES;
				CODE_SIGN_STYLE = Automatic;
				DEVELOPMENT_TEAM = HUP9SH4Z74;
				INFOPLIST_FILE = DietShareUITests/Info.plist;
				LD_RUNPATH_SEARCH_PATHS = "$(inherited) @executable_path/Frameworks @loader_path/Frameworks";
				PRODUCT_BUNDLE_IDENTIFIER = com.marvericks.DietShareUITests;
				PRODUCT_NAME = "$(TARGET_NAME)";
				SWIFT_VERSION = 4.0;
				TARGETED_DEVICE_FAMILY = "1,2";
				TEST_TARGET_NAME = DietShare;
			};
			name = Release;
		};
/* End XCBuildConfiguration section */

/* Begin XCConfigurationList section */
		F2BE6889205E8C8800DF9694 /* Build configuration list for PBXProject "DietShare" */ = {
			isa = XCConfigurationList;
			buildConfigurations = (
				F2BE68B4205E8C8900DF9694 /* Debug */,
				F2BE68B5205E8C8900DF9694 /* Release */,
			);
			defaultConfigurationIsVisible = 0;
			defaultConfigurationName = Release;
		};
		F2BE68B6205E8C8900DF9694 /* Build configuration list for PBXNativeTarget "DietShare" */ = {
			isa = XCConfigurationList;
			buildConfigurations = (
				F2BE68B7205E8C8900DF9694 /* Debug */,
				F2BE68B8205E8C8900DF9694 /* Release */,
			);
			defaultConfigurationIsVisible = 0;
			defaultConfigurationName = Release;
		};
		F2BE68B9205E8C8900DF9694 /* Build configuration list for PBXNativeTarget "DietShareTests" */ = {
			isa = XCConfigurationList;
			buildConfigurations = (
				F2BE68BA205E8C8900DF9694 /* Debug */,
				F2BE68BB205E8C8900DF9694 /* Release */,
			);
			defaultConfigurationIsVisible = 0;
			defaultConfigurationName = Release;
		};
		F2BE68BC205E8C8900DF9694 /* Build configuration list for PBXNativeTarget "DietShareUITests" */ = {
			isa = XCConfigurationList;
			buildConfigurations = (
				F2BE68BD205E8C8900DF9694 /* Debug */,
				F2BE68BE205E8C8900DF9694 /* Release */,
			);
			defaultConfigurationIsVisible = 0;
			defaultConfigurationName = Release;
		};
/* End XCConfigurationList section */
	};
	rootObject = F2BE6886205E8C8800DF9694 /* Project object */;
}
